{
  "schema": "tsw-codemap-lock/1",
  "generatedFrom": {
    "commit": "bdd7a0dd827ce18267e0b7fb4fe8e3ce6f16218f",
    "branch": "feat/codemap"
  },
  "graph": {
    "nodes": 34,
    "edges": 128,
    "flows": 8
  },
  "verification": {
    "method": "every node path, source file, test file and flow step file resolved on disk; every flow step symbol grep-verified inside its file; server module->module edges re-derived from require() and diffed against the map",
    "nodePathsChecked": 27,
    "filesHashed": 455,
    "flowStepsVerified": 63,
    "problems": []
  },
  "fileHashes": {
    "client/src/app/providers/AppProviders.jsx": "904dab3bcb9f893e",
    "client/src/app/providers/queryClient.js": "4adaf4eb80abcf41",
    "client/src/app/router/AppRouter.jsx": "ba16aafc5bf5e08d",
    "client/src/app/router/AppRouter.test.jsx": "1135217e6c7a0c28",
    "client/src/app/store/AuthContext.jsx": "715a5dd735d50030",
    "client/src/app/store/AuthContext.test.jsx": "82cf655cdc1c3180",
    "client/src/components/Breadcrumbs.jsx": "3304ad3087be8bf4",
    "client/src/components/DarkPageHeader.jsx": "2ed65006fe4855af",
    "client/src/components/DiscoverSearchBar.jsx": "cb814863cd32a60d",
    "client/src/components/PageHeader.jsx": "69d904a4c90b1f33",
    "client/src/components/PlaceholderCard.jsx": "9427bff1249a14b8",
    "client/src/components/SportsLoader.jsx": "aeb56332ae5e08f8",
    "client/src/components/Tabs.jsx": "2ae7eee762b28f6e",
    "client/src/components/Tabs.test.jsx": "434e7530c936d36f",
    "client/src/components/ui/FloatingActionButton.jsx": "5ac40e2c60ddc334",
    "client/src/components/ui/FormField.jsx": "50a6a5cc0def5b34",
    "client/src/components/ui/HorizontalScroller.jsx": "700dd6bd256906e4",
    "client/src/components/ui/LeagueGameCard.jsx": "a118b28798ad18b5",
    "client/src/components/ui/Modal.jsx": "e8cd120c18282cf3",
    "client/src/components/ui/Modal.test.jsx": "f45265a31a125b7e",
    "client/src/components/ui/SuccessBanner.jsx": "c362b973abd3972e",
    "client/src/components/ui/formStyles.js": "cad4b42953a43741",
    "client/src/features/analytics/ConsentBanner.jsx": "89bfb973dcc9e29c",
    "client/src/features/analytics/ConsentBanner.test.jsx": "268ad828fce6d9bd",
    "client/src/features/analytics/PostHogRouteTracker.jsx": "b840f58982ca1571",
    "client/src/features/analytics/PostHogRouteTracker.test.jsx": "8eedbdc9c7f67ebb",
    "client/src/features/analytics/signupEvents.js": "a25d6db254ff4b31",
    "client/src/features/analytics/signupEvents.test.js": "f020b248272aba67",
    "client/src/features/analytics/trackEvent.js": "f9c21759c1e144ec",
    "client/src/features/analytics/useScrollDepth.js": "ee2f0eefc3f93127",
    "client/src/features/auth/api/authApi.js": "4e9163b09c70fe94",
    "client/src/features/auth/components/FormAlert.jsx": "8cced7fc0fc9bac0",
    "client/src/features/auth/components/LoginForm.jsx": "74ee065ab7fb1d6f",
    "client/src/features/auth/components/RegisterForm.jsx": "f0f87c5a8c0cc5c8",
    "client/src/features/auth/hooks/useAuthForm.js": "5f83b52be17113f5",
    "client/src/features/auth/pages/AuthPage.jsx": "8f117441bb8b78e6",
    "client/src/features/auth/pages/AuthPage.test.jsx": "dbcb4d5d91cc8ee8",
    "client/src/features/auth/pages/ForgotPasswordPage.jsx": "9423b78f30e58cdc",
    "client/src/features/auth/pages/GoogleCompletePage.jsx": "146be364e39c569e",
    "client/src/features/auth/pages/ResetPasswordPage.jsx": "1060340967a7438a",
    "client/src/features/auth/pages/VerifyEmailPage.jsx": "e6d601b76e4f5e28",
    "client/src/features/auth/postAuthDestination.js": "7ea27b6e89604270",
    "client/src/features/auth/postAuthDestination.test.js": "82adb9eae86e2ecb",
    "client/src/features/auth/schemas/authSchemas.js": "532e5a6cd2ca7613",
    "client/src/features/billing/api/billingApi.js": "ad9fa37c1a446ec8",
    "client/src/features/billing/components/BillingStatusPill.jsx": "dd7a0b2f7b7dd028",
    "client/src/features/billing/components/BillingStatusPill.test.jsx": "05b8d4e24b39671b",
    "client/src/features/billing/components/LockedFeatureCard.jsx": "13b5b2ebf9db6140",
    "client/src/features/billing/pages/BillingCancelPage.jsx": "c5f6119613cc71de",
    "client/src/features/billing/pages/BillingSuccessPage.jsx": "06aa3391a147a377",
    "client/src/features/billing/pages/BillingSuccessPage.test.jsx": "e419fb67307f12ac",
    "client/src/features/billing/pages/PricingPage.jsx": "d5d5e8bb938a504e",
    "client/src/features/billing/pages/PricingPage.test.jsx": "cb45e40e04bdd50f",
    "client/src/features/contact/contactApi.js": "fd8af59536be4dca",
    "client/src/features/dashboard/AdminPage.jsx": "73ee32372648348e",
    "client/src/features/dashboard/AdminPage.test.jsx": "22dc621d9e9b8d74",
    "client/src/features/export/api/exportApi.js": "aca2338298bf9da2",
    "client/src/features/export/components/ExportCsvButton.jsx": "61a740fd86ba117a",
    "client/src/features/export/components/ExportCsvButton.test.jsx": "7790ef6c10a388e5",
    "client/src/features/export/hooks/useExportCsv.js": "ac4cd49a7e43a8fd",
    "client/src/features/export/hooks/useExportCsv.test.js": "d1ae92a606c0f60d",
    "client/src/features/feed/api/feedApi.js": "610a2c50b205e33c",
    "client/src/features/feed/cardImage.js": "a5131ddea9502134",
    "client/src/features/feed/components/FeedComposer.jsx": "68f834b2bda6db2a",
    "client/src/features/feed/components/FeedList.jsx": "6ed0aab9e2b72948",
    "client/src/features/feed/components/FeedList.test.jsx": "14c544f0c3c69291",
    "client/src/features/feed/components/FeedPostCard.jsx": "2075edd12df5ce0b",
    "client/src/features/feed/components/FeedTabBar.jsx": "33df6ed12291254c",
    "client/src/features/feed/components/FullScreenPost.jsx": "c6f1155202dd9598",
    "client/src/features/feed/components/ShareImageButton.jsx": "d107efbfffb62052",
    "client/src/features/feed/components/ShareImageButton.test.jsx": "4b6d9b704f2e059a",
    "client/src/features/feed/components/cards/ShareCardPrimitives.jsx": "602e66d8a12a897a",
    "client/src/features/feed/components/cards/ShareableCardExport.jsx": "caffb58608a79ea6",
    "client/src/features/feed/components/cards/ShareableCardExport.test.jsx": "d4a49fa2bbdf764d",
    "client/src/features/feed/components/cards/shareExportTheme.js": "f6efba8148119a4e",
    "client/src/features/feed/components/cards/shareExportTheme.test.js": "0a75314963642a33",
    "client/src/features/feed/components/posts/CardPosts.test.jsx": "a53d1e5b9244719c",
    "client/src/features/feed/components/posts/FullScreenGameCard.jsx": "8260d29e97c15b07",
    "client/src/features/feed/components/posts/FullScreenHighlightClipPost.jsx": "7e7a7519ba960afe",
    "client/src/features/feed/components/posts/FullScreenImagePost.jsx": "08f7b31a5136a1e6",
    "client/src/features/feed/components/posts/FullScreenPlayerCard.jsx": "3d815519b531ae2c",
    "client/src/features/feed/components/posts/FullScreenTeamCard.jsx": "321bbebe1db6998d",
    "client/src/features/feed/components/posts/FullScreenVideoPost.jsx": "2d44ebab4bf97502",
    "client/src/features/feed/components/posts/GameCardPost.jsx": "05022af0a2303871",
    "client/src/features/feed/components/posts/HighlightClipPostCard.jsx": "e7fbc97638304c50",
    "client/src/features/feed/components/posts/ImagePostCard.jsx": "6ad598cdefcb1cab",
    "client/src/features/feed/components/posts/MilestonePost.jsx": "e6a9c58c9f7970f3",
    "client/src/features/feed/components/posts/MilestonePost.test.jsx": "944f76570e0d17cd",
    "client/src/features/feed/components/posts/PlayerCardPost.jsx": "23cac111314947d2",
    "client/src/features/feed/components/posts/TeamCardPost.jsx": "0c3386563705a7f0",
    "client/src/features/feed/components/posts/VideoPostCard.jsx": "54b7dd8cb103afed",
    "client/src/features/feed/components/posts/cardFixtures.js": "134ca8aadd522b3d",
    "client/src/features/feed/components/posts/cardUtils.js": "b8f529aeb0dfd9f7",
    "client/src/features/feed/hooks/useIsMobileDevice.js": "0104ed77b24a163d",
    "client/src/features/feed/hooks/useShareImage.js": "845699c70a1d1380",
    "client/src/features/feed/hooks/useShareImage.test.js": "b298c3dfd4f876ba",
    "client/src/features/feed/hooks/useSnapScrollAutoplay.js": "44a37f89a7fbdfe5",
    "client/src/features/feed/hooks/useYouTubeAutoplay.js": "02b6794d4b25eb1b",
    "client/src/features/feed/pages/FeedPage.jsx": "b6b9ece994d817be",
    "client/src/features/feed/pages/FeedPage.test.jsx": "4bac1cbaaabb15a8",
    "client/src/features/follows/api/followsApi.js": "d1f125f578faf327",
    "client/src/features/follows/components/FollowButton.jsx": "01c9fefff30b69d4",
    "client/src/features/follows/components/FollowButton.test.jsx": "46da6a5e3a91241b",
    "client/src/features/follows/followIntent.js": "c1ecd9a7eb2e82d8",
    "client/src/features/follows/hooks/useFollowStatus.js": "5fae759bb7961f60",
    "client/src/features/follows/hooks/useFollowing.js": "ac24a29630b19d18",
    "client/src/features/follows/pages/FollowingPage.jsx": "881813258c237c20",
    "client/src/features/follows/pages/FollowingPage.test.jsx": "7c215d209e395553",
    "client/src/features/games/api/gamesApi.js": "c6f2595dcace7e05",
    "client/src/features/games/components/AddRosterPlayerDialog.jsx": "ff0e13dee6b204c0",
    "client/src/features/games/components/AddRosterPlayerDialog.test.jsx": "6df123f47ab2d482",
    "client/src/features/games/components/CourtLayoutRendering.test.jsx": "7fc29ce693df4246",
    "client/src/features/games/components/GameClockControls.jsx": "4d8fecb64b79d9a7",
    "client/src/features/games/components/GameClockControls.test.jsx": "bd2b8ea3e63a3c60",
    "client/src/features/games/components/GameDetailHeader.jsx": "66e484e7eedb9233",
    "client/src/features/games/components/GameDetailHeader.test.jsx": "62506a1add783cb9",
    "client/src/features/games/components/GameFormatFields.jsx": "c80774a223c5a959",
    "client/src/features/games/components/GameMatchupPreview.jsx": "ce067444da540e37",
    "client/src/features/games/components/GameRecapPanel.jsx": "416a738cd750079e",
    "client/src/features/games/components/GameReplayPanel.jsx": "350dc07fed2a0054",
    "client/src/features/games/components/GameStatsCharts.jsx": "a99b0fdd0c06e6e2",
    "client/src/features/games/components/GameTrackScoreHeader.jsx": "8940ed7a230fc119",
    "client/src/features/games/components/GameVideoEmbed.jsx": "01ab88bdefef19ba",
    "client/src/features/games/components/InteractiveCourtImage.jsx": "36809b271913b4ae",
    "client/src/features/games/components/InteractiveCourtImage.test.jsx": "b3043d4327f0b485",
    "client/src/features/games/components/InteractiveCourtSvg.jsx": "b06ef833f616473e",
    "client/src/features/games/components/InteractiveCourtSvg.test.jsx": "9eab03850d8f2269",
    "client/src/features/games/components/LiveScore.jsx": "c6f5ed4860ee4688",
    "client/src/features/games/components/RecapShotSnapshot.jsx": "78dd9ab0f082356d",
    "client/src/features/games/components/ScoringTimelineChart.jsx": "3ffa454c8c9f75db",
    "client/src/features/games/components/VenueFields.jsx": "7f1f0749f5e56f64",
    "client/src/features/games/components/VenueFields.test.jsx": "cbbc97d23e618578",
    "client/src/features/games/components/VenueMapLink.jsx": "8ec8bfcfa0244b07",
    "client/src/features/games/components/VenueMapLink.test.jsx": "c7645195f85e468a",
    "client/src/features/games/components/YouTubeHighlightReel.jsx": "e0b0d948ed3652e9",
    "client/src/features/games/components/YouTubeHighlightReel.test.jsx": "5cdb331c0f648873",
    "client/src/features/games/constants.js": "ee352827e7628e07",
    "client/src/features/games/court/courtGeometry.js": "198ee4d92e43c15c",
    "client/src/features/games/court/courtImageCalibration.js": "327b2add41d8000e",
    "client/src/features/games/court/courtImageCalibration.test.js": "a9c9fae5f883d22c",
    "client/src/features/games/court/courtInference.js": "49e8ca91e1caa66b",
    "client/src/features/games/court/courtInference.test.js": "82e6b184035f569e",
    "client/src/features/games/court/courtLayouts.js": "b8ded6fafcf2344f",
    "client/src/features/games/court/courtLayouts.test.js": "47fe45b5f0d0c0ae",
    "client/src/features/games/court/useCourtLayout.js": "f07f7a56fffd59da",
    "client/src/features/games/gameClock.js": "a5e7a9c7314506ae",
    "client/src/features/games/gameClock.test.js": "dd8910cd6fe3e5bf",
    "client/src/features/games/highlightReel.js": "2b4f7628e272fff5",
    "client/src/features/games/highlightReel.test.js": "695f8e0582c47cb6",
    "client/src/features/games/pages/GameDetailPage.jsx": "4fd6ee860401d17a",
    "client/src/features/games/pages/GameDetailPage.test.jsx": "9d826881e0ab9c64",
    "client/src/features/games/pages/GameTrackPage.jsx": "44d4193974100b9a",
    "client/src/features/games/pages/GameTrackPage.test.jsx": "07bb630f5e4879be",
    "client/src/features/games/pages/GamesListPage.jsx": "39150c8e69ed71af",
    "client/src/features/games/pages/GamesListPage.test.jsx": "3d0ff6ff063e30b6",
    "client/src/features/games/pages/NewGamePage.jsx": "41f2ab78f442e5da",
    "client/src/features/games/pages/NewGamePage.test.jsx": "218f8cb5469ae3a3",
    "client/src/features/games/youtube.js": "4b721434e3f89d8e",
    "client/src/features/leagues/api/leaguesApi.js": "81a56b429c2af168",
    "client/src/features/leagues/components/DataCompletenessPanel.jsx": "6e5ee3dad6675088",
    "client/src/features/leagues/components/DataCompletenessPanel.test.jsx": "c00e709b36666d53",
    "client/src/features/leagues/components/JoinRequestsPanel.jsx": "0f5c88d43460a2e2",
    "client/src/features/leagues/components/LeagueFormBadges.jsx": "cb046010d1bf7daf",
    "client/src/features/leagues/components/LeagueMembersPanel.jsx": "201daa30cef078ae",
    "client/src/features/leagues/components/LeagueRosterTable.jsx": "6d0c98479025457d",
    "client/src/features/leagues/components/LeagueStandingsTable.jsx": "3ebff5e008428f4c",
    "client/src/features/leagues/components/LeagueStandingsTable.test.jsx": "ee4bde82b2fda70c",
    "client/src/features/leagues/components/ScheduleDraftTable.jsx": "e51b3b2c740aa861",
    "client/src/features/leagues/components/ScheduleDraftTable.test.jsx": "61addaa44d7152cd",
    "client/src/features/leagues/components/SeasonSelect.jsx": "f5cbbd5ce11a977b",
    "client/src/features/leagues/hooks/usePublicLeague.js": "097f82b71aa8d414",
    "client/src/features/leagues/pages/AdminLeaguePage.jsx": "ecc8940eaedea929",
    "client/src/features/leagues/pages/AdminLeaguePage.test.jsx": "a0c7e63e4caa7e17",
    "client/src/features/leagues/pages/AdminLeagueSchedulePage.jsx": "52b6af93f020f66c",
    "client/src/features/leagues/pages/AdminLeagueSchedulePage.test.jsx": "4ab21599e90b5fa8",
    "client/src/features/leagues/pages/AdminLeagueTeamPage.jsx": "da5050133e24fd15",
    "client/src/features/leagues/pages/AdminNewLeagueGamePage.jsx": "5dccffb1799e1a7d",
    "client/src/features/leagues/pages/AdminNewLeagueGamePage.test.jsx": "fbb855bd7e321cbf",
    "client/src/features/leagues/pages/AdminNewLeaguePage.jsx": "4f266dec2ea978ce",
    "client/src/features/leagues/pages/AdminNewLeagueTeamPage.jsx": "e4ec7959da469819",
    "client/src/features/leagues/pages/LeaguesPage.jsx": "1c9001b9e353d7a4",
    "client/src/features/leagues/pages/MySportyPage.jsx": "d5e8d66e8c077c7c",
    "client/src/features/leagues/pages/MySportyPage.test.jsx": "45942cc3acf92981",
    "client/src/features/leagues/pages/PublicLeagueGamesPage.jsx": "11e79d6d61887b39",
    "client/src/features/leagues/pages/PublicLeaguePage.jsx": "bf4944b9f1d104da",
    "client/src/features/leagues/pages/PublicLeaguePlayerPage.jsx": "0081d741ae975497",
    "client/src/features/leagues/pages/PublicLeaguePlayerPage.test.jsx": "f0a2d3e88363f1e2",
    "client/src/features/leagues/pages/PublicLeagueStandingsPage.jsx": "b3b201b033106b3c",
    "client/src/features/leagues/pages/PublicLeagueStandingsPage.test.jsx": "5eeac52e8b6cf7b8",
    "client/src/features/leagues/pages/PublicLeagueTeamPage.jsx": "d0676977fe423dcf",
    "client/src/features/leagues/pages/PublicLeagueTeamPage.test.jsx": "863587f64074209e",
    "client/src/features/leagues/scheduleBuilder.js": "25f484aa087550eb",
    "client/src/features/leagues/scheduleBuilder.test.js": "d7d5bb338d0c7450",
    "client/src/features/leagues/seasonTrends.js": "b958d0d8c2bd4ece",
    "client/src/features/leagues/seasonTrends.test.js": "06d8ac66587e073a",
    "client/src/features/media/CloudinaryImage.jsx": "d3c428f5166d291a",
    "client/src/features/media/CloudinaryImage.test.jsx": "b75a8b2e7f113fba",
    "client/src/features/onboarding/pages/OnboardingPage.jsx": "c197f1e5186035c0",
    "client/src/features/onboarding/pages/OnboardingPage.test.jsx": "fffc87bf0b8898d2",
    "client/src/features/players/api/playersApi.js": "b6692addeb807ad7",
    "client/src/features/players/components/DiscoverablePlayers.jsx": "03774540c9bd40d4",
    "client/src/features/players/components/DiscoverablePlayers.test.jsx": "4d5647ec28a4c037",
    "client/src/features/players/components/PlayerMilestones.jsx": "874329c76be870af",
    "client/src/features/players/components/PlayerMilestones.test.jsx": "6c4a79ee4fa2bc29",
    "client/src/features/players/components/PlayerStatsFilters.jsx": "0b1c63fb3e031d19",
    "client/src/features/players/components/ProfileCard.jsx": "eb571313b4d36683",
    "client/src/features/players/components/ProfileCard.test.jsx": "78fd3b3019b2844a",
    "client/src/features/players/pages/PublicUserProfilePage.jsx": "8bda9a1172075dbd",
    "client/src/features/players/pages/PublicUserProfilePage.test.jsx": "ec883438bc824d27",
    "client/src/features/players/playerStats.js": "3a7bb691b628bbca",
    "client/src/features/players/playerStats.test.js": "bccf6819fd7f9f48",
    "client/src/features/teams/api/teamsApi.js": "aeb5aa808de14d9b",
    "client/src/features/teams/components/StatsTable.jsx": "d5fa49b5fb39cf05",
    "client/src/features/teams/components/StatsTable.test.jsx": "17d5284dca41b483",
    "client/src/features/teams/pages/AdminTeamPage.jsx": "c8c561240e1bcb68",
    "client/src/features/teams/pages/AdminTeamPage.test.jsx": "1ac34c0ed65ad494",
    "client/src/features/teams/pages/EditTeamPage.jsx": "b8d39cce8c50aa11",
    "client/src/features/teams/pages/EditTeamPage.test.jsx": "3a861cfeb8c2f587",
    "client/src/features/teams/pages/NewTeamPage.jsx": "faad1974768cf99a",
    "client/src/features/teams/pages/NewTeamPage.test.jsx": "413341a85b548906",
    "client/src/features/teams/pages/OpponentPlaceholderPage.jsx": "d0ea7680a6c8eca5",
    "client/src/features/teams/pages/OpponentPlaceholderPage.test.jsx": "3343f59b4061ca37",
    "client/src/features/teams/pages/PublicPlayerPage.jsx": "5da5cdf2d549023b",
    "client/src/features/teams/pages/PublicPlayerPage.test.jsx": "5df7b7547bb75499",
    "client/src/features/teams/pages/PublicTeamPage.jsx": "e6c401656b7ee707",
    "client/src/features/teams/pages/PublicTeamPage.test.jsx": "088e6d93bd116fcb",
    "client/src/features/teams/pages/TeamsPage.jsx": "f51754d92024cff4",
    "client/src/features/teams/pages/TeamsPage.test.jsx": "18f772a217b2db2a",
    "client/src/features/teams/shareCardPayloads.js": "c6e344da175f6716",
    "client/src/hooks/resolveShareImage.js": "efb08e0a63b0a9b8",
    "client/src/hooks/useDocumentMeta.js": "e364732651bf6941",
    "client/src/layouts/AppLayout.jsx": "6477f1b7a55a61d6",
    "client/src/layouts/AppLayout.test.jsx": "0b673c9299dde7d2",
    "client/src/lib/apiClient.js": "8f3219292358673b",
    "client/src/lib/apiClient.test.js": "30fdafe4540c87be",
    "client/src/lib/consent.js": "30ee3428febae127",
    "client/src/lib/consent.test.js": "43f79638fa9037b6",
    "client/src/lib/downloadFile.js": "d3cb3c18e7604cbb",
    "client/src/lib/downloadFile.test.js": "db7735de3db56567",
    "client/src/lib/env.js": "edae52191dfc3cd4",
    "client/src/lib/mediaQueries.js": "7faa6a42e47c9cb6",
    "client/src/lib/posthog.js": "b76a5bf7be5675e5",
    "client/src/lib/posthog.test.js": "480e2edc605a97cf",
    "client/src/lib/safeRedirect.js": "a82a7e6e772d4eea",
    "client/src/lib/safeRedirect.test.js": "7d48ec67ef682acf",
    "client/src/pages/AboutPage.jsx": "4995e0b2d6c0e000",
    "client/src/pages/AboutPage.test.jsx": "be328d1813ccc4dc",
    "client/src/pages/ContactPage.jsx": "a5cc2ad5678a4731",
    "client/src/pages/ContactPage.test.jsx": "313c8cb7eaf7d3ff",
    "client/src/pages/HomePage.jsx": "283889428a6365e8",
    "client/src/pages/HomePage.test.jsx": "e6efbf756c6cd273",
    "client/src/pages/NotFoundPage.jsx": "a07e16c39ec959f9",
    "client/src/pages/PrivacyPage.jsx": "07ef552bc8f52134",
    "client/src/tests.smoke.test.jsx": "d7df014738898b1e",
    "client/src/utils/placeholder.js": "dd11ae5694b293de",
    "client/src/utils/testSetup.js": "0457d2b187542239",
    "server/src/app.js": "d71ea759c0a84810",
    "server/src/config/cookie.js": "7fe5bd753388f98f",
    "server/src/config/cors.js": "b24e81ccb46b9dec",
    "server/src/config/db.js": "311b977fd56af3f3",
    "server/src/config/env.js": "149fe0a719dff8dc",
    "server/src/config/logger.js": "6b20fc76ead00305",
    "server/src/middleware/auth.middleware.js": "7bb6f9320452c7c7",
    "server/src/middleware/csrf.middleware.js": "cd8f3383be15e5b3",
    "server/src/middleware/error.middleware.js": "ee7f12fe570d70c6",
    "server/src/middleware/notFound.middleware.js": "03c5117e577eddea",
    "server/src/middleware/publicCache.middleware.js": "d68269921b657075",
    "server/src/middleware/rateLimit.middleware.js": "f4d2e37df0572c2b",
    "server/src/middleware/requestId.middleware.js": "fd76dd077bd7e657",
    "server/src/modules/analytics/analytics.controller.js": "38dbf51db55da0ba",
    "server/src/modules/analytics/analytics.routes.js": "fae2b510531957d4",
    "server/src/modules/analytics/analytics.service.js": "0e5eeb507aebc2bb",
    "server/src/modules/auth/auth.controller.js": "abf58827b4b41c66",
    "server/src/modules/auth/auth.repository.js": "99f67163820826a4",
    "server/src/modules/auth/auth.routes.js": "b720ca7844fa075c",
    "server/src/modules/auth/auth.service.js": "25993424129df122",
    "server/src/modules/auth/auth.validation.js": "012e72195151a513",
    "server/src/modules/auth/oauth.google.js": "46fb124fc88513cb",
    "server/src/modules/billing/billing.controller.js": "f723e2c2cd0e9296",
    "server/src/modules/billing/billing.routes.js": "1680adb4b84af551",
    "server/src/modules/billing/billing.service.js": "37c62718abba8012",
    "server/src/modules/billing/billing.validation.js": "0451f50419fb8a97",
    "server/src/modules/billing/entitlements.service.js": "1075660c22c6b100",
    "server/src/modules/billing/plan-catalog.js": "0538bd7f63ef86da",
    "server/src/modules/contact/contact.routes.js": "6c785fa9d5047801",
    "server/src/modules/export/export.controller.js": "3fb68d69febf967e",
    "server/src/modules/export/export.routes.js": "615fdcb2efa1bf9c",
    "server/src/modules/export/export.service.js": "f749d3340b45a26e",
    "server/src/modules/export/export.validation.js": "8ff9c7b0f6d2875f",
    "server/src/modules/feed/cloudinary.client.js": "20cd802d54270cfa",
    "server/src/modules/feed/feed.controller.js": "b4837f5b2cf79448",
    "server/src/modules/feed/feed.repository.js": "850548d0a51f56bd",
    "server/src/modules/feed/feed.routes.js": "5f33f18e06d8c0b4",
    "server/src/modules/feed/feed.service.js": "51ddc5184e1b6b59",
    "server/src/modules/feed/feed.validation.js": "b0c92d7d0e802841",
    "server/src/modules/follows/follows.controller.js": "72ab96f0f6ddfe33",
    "server/src/modules/follows/follows.repository.js": "67978914fff0b986",
    "server/src/modules/follows/follows.routes.js": "e9e2e2c8d9d8ccd8",
    "server/src/modules/follows/follows.service.js": "57050162dfde34e9",
    "server/src/modules/follows/follows.validation.js": "c7ff59542530f677",
    "server/src/modules/games/gameRecap.service.js": "b2bdae6ed819b17a",
    "server/src/modules/games/gameSummaryAi.service.js": "20b29c895b2de8b4",
    "server/src/modules/games/games.controller.js": "71149d932573d401",
    "server/src/modules/games/games.repository.js": "240131c6f09e2a2c",
    "server/src/modules/games/games.routes.js": "9155ba9b4beae94c",
    "server/src/modules/games/games.service.js": "e7914119d2abeb76",
    "server/src/modules/games/games.validation.js": "6dbf6c6c5532a65b",
    "server/src/modules/health/health.controller.js": "4428e88b37f43ab9",
    "server/src/modules/health/health.routes.js": "bfafdea154314579",
    "server/src/modules/leagues/dataCompleteness.checks.js": "998f396aef479288",
    "server/src/modules/leagues/dataCompleteness.repository.js": "cc30c66b2138fb34",
    "server/src/modules/leagues/dataCompleteness.service.js": "14adb5c24846de5d",
    "server/src/modules/leagues/dataCompleteness.validation.js": "9d7e0870de88f992",
    "server/src/modules/leagues/leagues.controller.js": "9e688743064a2a82",
    "server/src/modules/leagues/leagues.repository.js": "a2d100ad693810dd",
    "server/src/modules/leagues/leagues.routes.js": "2ac7dc813708266f",
    "server/src/modules/leagues/leagues.service.js": "d2807e71b63cf20b",
    "server/src/modules/leagues/leagues.validation.js": "c0a1d4f703d3e4f3",
    "server/src/modules/leagues/seasons.repository.js": "3060b32256c0edf2",
    "server/src/modules/milestones/milestones.catalog.js": "8f4ce53d8d5f5577",
    "server/src/modules/milestones/milestones.controller.js": "4256320fe91aa754",
    "server/src/modules/milestones/milestones.repository.js": "36cdb9a49cb2a13f",
    "server/src/modules/milestones/milestones.routes.js": "d7231ae5e8149a17",
    "server/src/modules/milestones/milestones.service.js": "70a09e604fdd2390",
    "server/src/modules/milestones/milestones.validation.js": "14a30b4688d55b98",
    "server/src/modules/shared/cloudinaryUrl.js": "7ee46b20468c466a",
    "server/src/modules/shared/courtLayouts.js": "4b5883b0ddd4fe59",
    "server/src/modules/shared/gameClock.js": "1688ba1681b9c8d0",
    "server/src/modules/shared/pagination.validation.js": "3153c12e6a6f47ad",
    "server/src/modules/shared/statSummary.js": "be54d1cddf2d0539",
    "server/src/modules/shared/stats.constants.js": "d6a682822daf719d",
    "server/src/modules/teams/teams.controller.js": "18a282f23637a8d6",
    "server/src/modules/teams/teams.repository.js": "9c34f3dab1f36748",
    "server/src/modules/teams/teams.routes.js": "2be748ee6a2e1eb3",
    "server/src/modules/teams/teams.service.js": "f619ad7f5c10c192",
    "server/src/modules/teams/teams.validation.js": "5bb24816c2c0c85f",
    "server/src/routes/index.js": "1cefaa2d65b2ed62",
    "server/src/scripts/backfill-auto-feed.js": "3eb27c3073149a6f",
    "server/src/scripts/backfill-game-finalscore.js": "0d59d37db99e9d66",
    "server/src/scripts/backfill-league-seasons.js": "66835808602e6fd9",
    "server/src/scripts/backfill-league-standings.js": "fe8e4de0292306ee",
    "server/src/scripts/backfill-participant-slug.js": "fa7a11e83e08f9d7",
    "server/src/scripts/backfill-player-milestones.js": "3be602f4df03caec",
    "server/src/scripts/backfill-team-season-summaries.js": "0ca53d14984194eb",
    "server/src/scripts/check-migration-state.js": "afbe7c8bf81e5e17",
    "server/src/scripts/create-stripe-portal-configuration.js": "6f2e8e573d573324",
    "server/src/scripts/ensure-system-user.js": "f44f28f125a1a113",
    "server/src/scripts/export-league-snapshot.js": "dd02b1bd51dccd06",
    "server/src/scripts/lib/planMigration.js": "4544eb379f6e364f",
    "server/src/scripts/migrate-capacity-pricing.js": "2052ad505f702886",
    "server/src/scripts/migrate-data-issue-dismissal-index.js": "c013399a9d624a6a",
    "server/src/scripts/migrate-drop-dead-indexes.js": "56535bc5440167d8",
    "server/src/scripts/migrate-drop-user-league-fields.js": "5ab8ff7757042ed8",
    "server/src/scripts/migrate-league-stripe-customer-index.js": "ce90d2f847ad0a84",
    "server/src/scripts/migrate-leaguestandings-season-index.js": "48c6152a455fc669",
    "server/src/scripts/migrate-unify-plan-enums.js": "ac8cfbc883d8ac84",
    "server/src/scripts/retrack-league-games-dual.js": "fc3ed46ec6178e88",
    "server/src/scripts/seed-demo-account.js": "5a7e4ad3749000e5",
    "server/src/scripts/seed.js": "f74d27bd6bacf1a2",
    "server/src/server.js": "3a3562a900bde4a9",
    "server/src/services/authToken.service.js": "1474c97c6e380e21",
    "server/src/services/email.service.js": "7fefa3f77147023a",
    "server/src/services/session.service.js": "ff2524c0186a4371",
    "server/src/services/token.service.js": "ef54bf553ca1f8cf",
    "server/src/tests/integration/billing.routes.test.js": "96e924290c54e424",
    "server/src/tests/integration/canonical-enum-writes.test.js": "4ebc567458b0f018",
    "server/src/tests/integration/contact.test.js": "1a8ef9f556e01d74",
    "server/src/tests/integration/court-layout-roundtrip.test.js": "a677b399996eb726",
    "server/src/tests/integration/export.test.js": "c2d269ec856bc3be",
    "server/src/tests/integration/feed.test.js": "c032439c506da7d3",
    "server/src/tests/integration/follows.test.js": "9de4addafc6ca239",
    "server/src/tests/integration/games.public.test.js": "85897cb643ef7b2a",
    "server/src/tests/integration/games.roster-add.test.js": "8dcb1f3752507971",
    "server/src/tests/integration/gates.test.js": "eeef4bcecfde9c09",
    "server/src/tests/integration/health.test.js": "57447c1abc9dbe3b",
    "server/src/tests/integration/leagues.bulk-games.test.js": "e77e773bd3783ecb",
    "server/src/tests/integration/leagues.data-completeness.test.js": "ff828c9d78202a24",
    "server/src/tests/integration/leagues.seasons.test.js": "a04708e8f1439f11",
    "server/src/tests/integration/milestones.routes.test.js": "0b96bf2d638f7bc2",
    "server/src/tests/integration/public-player-profiles.test.js": "acb62c8ee5d13cbc",
    "server/src/tests/integration/public-teams.test.js": "f3814f8f6216443a",
    "server/src/tests/integration/teams.auth.test.js": "ba0bdfbb13a8e6ff",
    "server/src/tests/unit/analytics.controller.test.js": "abc7d627c45e2c91",
    "server/src/tests/unit/analytics.service.test.js": "ec5fd9fac4500860",
    "server/src/tests/unit/auth.service.test.js": "8eae4077349775ec",
    "server/src/tests/unit/authToken.service.test.js": "8f7b650dfe5c974a",
    "server/src/tests/unit/billing-source.schema.test.js": "ed4e664a3d2f6dea",
    "server/src/tests/unit/billing.dependency-contract.test.js": "4e398e4d353f7205",
    "server/src/tests/unit/billing.lifecycle.test.js": "a2f01417a7e4ff13",
    "server/src/tests/unit/billing.service.test.js": "21ebd93ec93a4f3f",
    "server/src/tests/unit/bulk-create-league-games.test.js": "c296afcd950e12c7",
    "server/src/tests/unit/bulk-games-repository.test.js": "2a2f81c9312b6a44",
    "server/src/tests/unit/bulk-games-validation.test.js": "f7cc8eb3480f066a",
    "server/src/tests/unit/cloudinaryUrl.test.js": "ebb0462d5911a8d7",
    "server/src/tests/unit/court-layout-contract.test.js": "1ee6067e8b37df5f",
    "server/src/tests/unit/csv.test.js": "f1a766e31538d49c",
    "server/src/tests/unit/data-completeness-checks.test.js": "23569bf25edc71ed",
    "server/src/tests/unit/data-completeness-repository.test.js": "749156075904411d",
    "server/src/tests/unit/data-completeness-service.test.js": "2c1c657359f40a65",
    "server/src/tests/unit/data-completeness-validation.test.js": "ad0a2b129457b9bf",
    "server/src/tests/unit/email.service.test.js": "fa1d489f52eefca2",
    "server/src/tests/unit/entitlements.service.test.js": "da707537bd78b89f",
    "server/src/tests/unit/env.schema.test.js": "5e9d0cc0d8fc3960",
    "server/src/tests/unit/feed.repository.schema.test.js": "40baa670fea0d381",
    "server/src/tests/unit/feed.service.test.js": "ff6cd4aa367583a1",
    "server/src/tests/unit/follows.dependency-contract.test.js": "3f1d67d03644531b",
    "server/src/tests/unit/follows.repository.schema.test.js": "0b255453ab6740b5",
    "server/src/tests/unit/follows.service.test.js": "3cd52705d6fa59a0",
    "server/src/tests/unit/game-clock.test.js": "f7a0fa449ee7dd10",
    "server/src/tests/unit/game-recap.service.test.js": "296fe9da41bc3b86",
    "server/src/tests/unit/game-roster-add-service.test.js": "f274bb821d22bf40",
    "server/src/tests/unit/game-roster-add.test.js": "bbb1867a10ec9620",
    "server/src/tests/unit/game-roster-can-manage.test.js": "6f1d4397a98bea67",
    "server/src/tests/unit/game-roster-target.test.js": "5e0e4ee363d7bf29",
    "server/src/tests/unit/game-scheduled-status.test.js": "0083a75e0f98b9a1",
    "server/src/tests/unit/game-venue.test.js": "4b963bdf7db0e0a0",
    "server/src/tests/unit/gameSummaryAi.service.test.js": "1ec8863ed0292c1e",
    "server/src/tests/unit/games.repository.schema.test.js": "bb6010ad8a11c8a3",
    "server/src/tests/unit/games.service.opponent.test.js": "28f6374345152742",
    "server/src/tests/unit/games.service.test.js": "e652573746263ad7",
    "server/src/tests/unit/games.validation.test.js": "40c8011b780d5787",
    "server/src/tests/unit/leagues.service.test.js": "bc29e60150dfe51c",
    "server/src/tests/unit/milestones.catalog.test.js": "48a375484af94277",
    "server/src/tests/unit/milestones.detection.test.js": "e255de12bdd1201f",
    "server/src/tests/unit/milestones.identity.test.js": "ba059314e5e97b7c",
    "server/src/tests/unit/milestones.publish.test.js": "26e28a0a8c1f5792",
    "server/src/tests/unit/milestones.reevaluate.test.js": "ef587df86fa7cdf2",
    "server/src/tests/unit/milestones.rekey.test.js": "da6c001d825f1fc7",
    "server/src/tests/unit/milestones.repository.schema.test.js": "3ae82447a0d4c606",
    "server/src/tests/unit/oauth.google.test.js": "ce6b81e5584c8a91",
    "server/src/tests/unit/pagination.test.js": "6004ef0f7590bb3b",
    "server/src/tests/unit/plan-catalog.test.js": "d56712429d35a598",
    "server/src/tests/unit/planMigration.test.js": "8108f9ed5ad7f935",
    "server/src/tests/unit/publicCache.middleware.test.js": "97662632facef5bf",
    "server/src/tests/unit/rateLimit.middleware.test.js": "3003fd6d59383581",
    "server/src/tests/unit/seasons.service.test.js": "e14f33f5d5f7a9fb",
    "server/src/tests/unit/seed.safety.test.js": "67e25b043d05c294",
    "server/src/tests/unit/statSummary.test.js": "38bf0a4d3ce23e8e",
    "server/src/tests/unit/stripeUrl.test.js": "d20a7beb49a87428",
    "server/src/tests/unit/teams.public.service.test.js": "ba78793c9db0a183",
    "server/src/tests/unit/teams.service.test.js": "ca8264faa50d082a",
    "server/src/tests/unit/teams.validation.test.js": "25567e0f484619ec",
    "server/src/tests/unit/token.service.test.js": "058d2fa0ef12db93",
    "server/src/tests/unit/user.onboarding.schema.test.js": "0ca034018359a52d",
    "server/src/tests/unit/weball-saturday.test.js": "8a7165a324c9c72e",
    "server/src/tests/unit/webhookIdempotency.test.js": "bdfae302d30b01fc",
    "server/src/utils/apiError.js": "97ff3e77981874a5",
    "server/src/utils/apiResponse.js": "333523428caa83fa",
    "server/src/utils/asyncHandler.js": "213eaa3052e46c56",
    "server/src/utils/crypto.js": "e7facc2398ecbe2c",
    "server/src/utils/csv.js": "ace6fc032bf1adc5",
    "server/src/utils/escapeHtml.js": "04cef8208dd214ab",
    "server/src/utils/pagination.js": "d295deaa3f45b5e3",
    "server/src/utils/stripeUrl.js": "c17b0de6aa6b8af1",
    "server/src/utils/webhookIdempotency.js": "a7d43ef8eb1a7e4a"
  }
}
