{
  "schema": "tsw-codemap-lock/1",
  "generatedFrom": {
    "commit": "9b7e07b65879afa0f0c65b7be47f10b37ef22d7a",
    "branch": "feat/codemap"
  },
  "graph": {
    "nodes": 36,
    "edges": 139,
    "flows": 10
  },
  "verification": {
    "method": "every node path, source file, test file and flow step file resolved on disk; every flow step symbol verified inside its named file",
    "nodePathsChecked": 27,
    "filesHashed": 509,
    "flowStepsVerified": 70,
    "problems": [],
    "scrimmageVerification": {
      "pathsChecked": 532,
      "filesHashed": 528,
      "missingFiles": [
        "server/src/modules/analytics/analytics.controller.js",
        "server/src/modules/analytics/analytics.routes.js",
        "server/src/scripts/seed-demo-account.js",
        "server/src/tests/unit/analytics.controller.test.js"
      ],
      "newFlowStepsVerified": 15,
      "problems": []
    }
  },
  "fileHashes": {
    "client/src/.DS_Store": "eb71876c4d5e9a4a",
    "client/src/app/providers/AppProviders.jsx": "904dab3bcb9f893e",
    "client/src/app/providers/queryClient.js": "4adaf4eb80abcf41",
    "client/src/app/router/AppRouter.jsx": "22cbf6d20ae141be",
    "client/src/app/router/AppRouter.test.jsx": "5cafa214b78ac4f0",
    "client/src/app/store/AuthContext.jsx": "715a5dd735d50030",
    "client/src/app/store/AuthContext.test.jsx": "82cf655cdc1c3180",
    "client/src/assets/.DS_Store": "1613bb2847f11bc1",
    "client/src/assets/.gitkeep": "e3b0c44298fc1c14",
    "client/src/assets/courts/README.md": "f9628ac44c5043aa",
    "client/src/assets/courts/basketball_court_1.png": "332566d068f96279",
    "client/src/assets/courts/basketball_court_2.png": "432fc2dd663468cf",
    "client/src/assets/home/.DS_Store": "d65165279105ca67",
    "client/src/assets/home/basketball_image_1.png": "043510c8abd4a1ea",
    "client/src/assets/home/basketball_image_2.png": "e2586b912c03e356",
    "client/src/assets/home/basketball_image_3.png": "6b71d459f1ca2ef0",
    "client/src/assets/placeholders/league-logo-placeholder.svg": "8a34440a0a8a82a6",
    "client/src/assets/placeholders/player-placeholder.svg": "c87020a0f95ee398",
    "client/src/assets/placeholders/team-logo-placeholder.svg": "0503894bed92e0fa",
    "client/src/components/Breadcrumbs.jsx": "3304ad3087be8bf4",
    "client/src/components/DarkPageHeader.jsx": "2ed65006fe4855af",
    "client/src/components/DiscoverSearchBar.jsx": "f437b07cf8d478cd",
    "client/src/components/PageHeader.jsx": "69d904a4c90b1f33",
    "client/src/components/PlaceholderCard.jsx": "9427bff1249a14b8",
    "client/src/components/SportsLoader.jsx": "aeb56332ae5e08f8",
    "client/src/components/Tabs.jsx": "7aa1622ebf1c8eff",
    "client/src/components/Tabs.test.jsx": "90265d9b5aec29ca",
    "client/src/components/ui/FloatingActionButton.jsx": "5ac40e2c60ddc334",
    "client/src/components/ui/FormField.jsx": "50a6a5cc0def5b34",
    "client/src/components/ui/HorizontalScroller.jsx": "700dd6bd256906e4",
    "client/src/components/ui/LeagueGameCard.jsx": "a118b28798ad18b5",
    "client/src/components/ui/Modal.jsx": "e8cd120c18282cf3",
    "client/src/components/ui/Modal.test.jsx": "f45265a31a125b7e",
    "client/src/components/ui/SuccessBanner.jsx": "c362b973abd3972e",
    "client/src/components/ui/formStyles.js": "cad4b42953a43741",
    "client/src/features/analytics/ConsentBanner.jsx": "68215be98d14d9f3",
    "client/src/features/analytics/ConsentBanner.test.jsx": "dfa5dde3eef7b038",
    "client/src/features/analytics/PostHogRouteTracker.jsx": "8fd846d076306ddf",
    "client/src/features/analytics/PostHogRouteTracker.test.jsx": "76820ccf9c4134d6",
    "client/src/features/analytics/signupEvents.js": "5260c5d8768ab919",
    "client/src/features/analytics/signupEvents.test.js": "4895e6d9e2792c86",
    "client/src/features/analytics/trackEvent.js": "46f4471ea05f1e53",
    "client/src/features/analytics/useScrollDepth.js": "ee2f0eefc3f93127",
    "client/src/features/auth/api/authApi.js": "4e9163b09c70fe94",
    "client/src/features/auth/components/FormAlert.jsx": "8cced7fc0fc9bac0",
    "client/src/features/auth/components/LoginForm.jsx": "74ee065ab7fb1d6f",
    "client/src/features/auth/components/RegisterForm.jsx": "f0f87c5a8c0cc5c8",
    "client/src/features/auth/hooks/useAuthForm.js": "5f83b52be17113f5",
    "client/src/features/auth/pages/AuthPage.jsx": "5e9857b539634cff",
    "client/src/features/auth/pages/AuthPage.test.jsx": "9ac81b78da026bbd",
    "client/src/features/auth/pages/ForgotPasswordPage.jsx": "9423b78f30e58cdc",
    "client/src/features/auth/pages/GoogleCompletePage.jsx": "146be364e39c569e",
    "client/src/features/auth/pages/ResetPasswordPage.jsx": "78707b1080ddf9f9",
    "client/src/features/auth/pages/ResetPasswordPage.test.jsx": "9e364bf62c1f47a8",
    "client/src/features/auth/pages/VerifyEmailPage.jsx": "85e9b1b240aaf74c",
    "client/src/features/auth/pages/VerifyEmailPage.test.jsx": "579459193f8b0c0b",
    "client/src/features/auth/postAuthDestination.js": "7ea27b6e89604270",
    "client/src/features/auth/postAuthDestination.test.js": "82adb9eae86e2ecb",
    "client/src/features/auth/schemas/authSchemas.js": "532e5a6cd2ca7613",
    "client/src/features/billing/api/billingApi.js": "ad9fa37c1a446ec8",
    "client/src/features/billing/components/BillingStatusPill.jsx": "dd7a0b2f7b7dd028",
    "client/src/features/billing/components/BillingStatusPill.test.jsx": "05b8d4e24b39671b",
    "client/src/features/billing/components/LockedFeatureCard.jsx": "13b5b2ebf9db6140",
    "client/src/features/billing/pages/BillingCancelPage.jsx": "c5f6119613cc71de",
    "client/src/features/billing/pages/BillingSuccessPage.jsx": "06aa3391a147a377",
    "client/src/features/billing/pages/BillingSuccessPage.test.jsx": "e419fb67307f12ac",
    "client/src/features/billing/pages/PricingPage.jsx": "de4c4a008e7942a8",
    "client/src/features/billing/pages/PricingPage.test.jsx": "fe88652faeae95af",
    "client/src/features/contact/contactApi.js": "fd8af59536be4dca",
    "client/src/features/dashboard/AdminPage.jsx": "c843b72e06f5d6c2",
    "client/src/features/dashboard/AdminPage.test.jsx": "8483de13ae2ee178",
    "client/src/features/export/api/exportApi.js": "aca2338298bf9da2",
    "client/src/features/export/components/ExportCsvButton.jsx": "61a740fd86ba117a",
    "client/src/features/export/components/ExportCsvButton.test.jsx": "7790ef6c10a388e5",
    "client/src/features/export/hooks/useExportCsv.js": "ac4cd49a7e43a8fd",
    "client/src/features/export/hooks/useExportCsv.test.js": "d1ae92a606c0f60d",
    "client/src/features/feed/api/feedApi.js": "f73c3ef7faacb27d",
    "client/src/features/feed/cardImage.js": "a5131ddea9502134",
    "client/src/features/feed/components/FeedComposer.jsx": "52a92763004b6e55",
    "client/src/features/feed/components/FeedList.jsx": "f310adfced71a826",
    "client/src/features/feed/components/FeedList.test.jsx": "46faadc0d572d2f1",
    "client/src/features/feed/components/FeedPostCard.jsx": "b987cd383759ec69",
    "client/src/features/feed/components/FeedTabBar.jsx": "33df6ed12291254c",
    "client/src/features/feed/components/FullScreenPost.jsx": "c6f1155202dd9598",
    "client/src/features/feed/components/ShareImageButton.jsx": "52f16ce76932a871",
    "client/src/features/feed/components/ShareImageButton.test.jsx": "86b4a0fc28845d9f",
    "client/src/features/feed/components/cards/ShareCardPrimitives.jsx": "578aadd18212fd0a",
    "client/src/features/feed/components/cards/ShareableCardExport.jsx": "02100122a1f07b0f",
    "client/src/features/feed/components/cards/ShareableCardExport.test.jsx": "92528f25113170ac",
    "client/src/features/feed/components/cards/__snapshots__/ShareableCardExport.test.jsx.snap": "809439d68f2c4a33",
    "client/src/features/feed/components/cards/shareExportTheme.js": "94466faddb3cb024",
    "client/src/features/feed/components/cards/shareExportTheme.test.js": "0a75314963642a33",
    "client/src/features/feed/components/posts/CardPosts.test.jsx": "ca2008b9e0844190",
    "client/src/features/feed/components/posts/FullScreenGameCard.jsx": "8260d29e97c15b07",
    "client/src/features/feed/components/posts/FullScreenHighlightClipPost.jsx": "b9e4f6ee836a1242",
    "client/src/features/feed/components/posts/FullScreenImagePost.jsx": "08f7b31a5136a1e6",
    "client/src/features/feed/components/posts/FullScreenPlayerCard.jsx": "3d815519b531ae2c",
    "client/src/features/feed/components/posts/FullScreenTeamCard.jsx": "321bbebe1db6998d",
    "client/src/features/feed/components/posts/FullScreenVideoPost.jsx": "2d44ebab4bf97502",
    "client/src/features/feed/components/posts/GameCardPost.jsx": "8ec524dd7c2898e8",
    "client/src/features/feed/components/posts/HighlightClipPostCard.jsx": "092e5c76cd60823f",
    "client/src/features/feed/components/posts/ImagePostCard.jsx": "6ad598cdefcb1cab",
    "client/src/features/feed/components/posts/MilestonePost.jsx": "e6a9c58c9f7970f3",
    "client/src/features/feed/components/posts/MilestonePost.test.jsx": "944f76570e0d17cd",
    "client/src/features/feed/components/posts/PlayerCardPost.jsx": "23cac111314947d2",
    "client/src/features/feed/components/posts/TeamCardPost.jsx": "0c3386563705a7f0",
    "client/src/features/feed/components/posts/VideoPostCard.jsx": "54b7dd8cb103afed",
    "client/src/features/feed/components/posts/__snapshots__/CardPosts.test.jsx.snap": "eda9950d38378cf7",
    "client/src/features/feed/components/posts/cardFixtures.js": "1a3bb1abb655f627",
    "client/src/features/feed/components/posts/cardUtils.js": "64d9d0e95580ca25",
    "client/src/features/feed/hooks/useIsMobileDevice.js": "0104ed77b24a163d",
    "client/src/features/feed/hooks/useShareImage.js": "87e8262204b47b6c",
    "client/src/features/feed/hooks/useShareImage.test.js": "cebdbf0b37b03177",
    "client/src/features/feed/hooks/useSnapScrollAutoplay.js": "26fa95a58d7a77d5",
    "client/src/features/feed/hooks/useYouTubeAutoplay.js": "02b58396a1aacf49",
    "client/src/features/feed/pages/FeedPage.jsx": "4840fc1cecec53a8",
    "client/src/features/feed/pages/FeedPage.test.jsx": "ccfd7c978677b1aa",
    "client/src/features/follows/api/followsApi.js": "d1f125f578faf327",
    "client/src/features/follows/components/FollowButton.jsx": "01c9fefff30b69d4",
    "client/src/features/follows/components/FollowButton.test.jsx": "46da6a5e3a91241b",
    "client/src/features/follows/followIntent.js": "c1ecd9a7eb2e82d8",
    "client/src/features/follows/hooks/useFollowStatus.js": "5fae759bb7961f60",
    "client/src/features/follows/hooks/useFollowing.js": "ac24a29630b19d18",
    "client/src/features/follows/pages/FollowingPage.jsx": "881813258c237c20",
    "client/src/features/follows/pages/FollowingPage.test.jsx": "7c215d209e395553",
    "client/src/features/games/api/gamesApi.js": "c6f2595dcace7e05",
    "client/src/features/games/components/AddRosterPlayerDialog.jsx": "dab7eed44a8dff31",
    "client/src/features/games/components/AddRosterPlayerDialog.test.jsx": "407980bae9c45f5f",
    "client/src/features/games/components/CourtLayoutRendering.test.jsx": "7fc29ce693df4246",
    "client/src/features/games/components/GameClockControls.jsx": "7133e88324d4893c",
    "client/src/features/games/components/GameClockControls.test.jsx": "bd2b8ea3e63a3c60",
    "client/src/features/games/components/GameDetailHeader.jsx": "66e484e7eedb9233",
    "client/src/features/games/components/GameDetailHeader.test.jsx": "62506a1add783cb9",
    "client/src/features/games/components/GameFormatFields.jsx": "c80774a223c5a959",
    "client/src/features/games/components/GameMatchupPreview.jsx": "ce067444da540e37",
    "client/src/features/games/components/GameRecapPanel.jsx": "6a596be4a40ce39a",
    "client/src/features/games/components/GameReplayPanel.jsx": "21a54404d5c6b9ca",
    "client/src/features/games/components/GameStatsCharts.jsx": "665aa47a5b5da57a",
    "client/src/features/games/components/GameTrackScoreHeader.jsx": "8940ed7a230fc119",
    "client/src/features/games/components/GameVideoEmbed.jsx": "d705ed2c62743aab",
    "client/src/features/games/components/InteractiveCourtImage.jsx": "36809b271913b4ae",
    "client/src/features/games/components/InteractiveCourtImage.test.jsx": "b3043d4327f0b485",
    "client/src/features/games/components/InteractiveCourtSvg.jsx": "b06ef833f616473e",
    "client/src/features/games/components/InteractiveCourtSvg.test.jsx": "9eab03850d8f2269",
    "client/src/features/games/components/LiveScore.jsx": "c6f5ed4860ee4688",
    "client/src/features/games/components/RecapShotSnapshot.jsx": "78dd9ab0f082356d",
    "client/src/features/games/components/ScoringTimelineChart.jsx": "d400e5c1c9184794",
    "client/src/features/games/components/VenueFields.jsx": "7f1f0749f5e56f64",
    "client/src/features/games/components/VenueFields.test.jsx": "cbbc97d23e618578",
    "client/src/features/games/components/VenueMapLink.jsx": "8ec8bfcfa0244b07",
    "client/src/features/games/components/VenueMapLink.test.jsx": "c7645195f85e468a",
    "client/src/features/games/components/YouTubeHighlightReel.jsx": "b41073d97a228c6c",
    "client/src/features/games/components/YouTubeHighlightReel.test.jsx": "7025a9da2e28bb04",
    "client/src/features/games/constants.js": "f0081e1824e0b50f",
    "client/src/features/games/court/courtGeometry.js": "198ee4d92e43c15c",
    "client/src/features/games/court/courtImageCalibration.js": "327b2add41d8000e",
    "client/src/features/games/court/courtImageCalibration.test.js": "a9c9fae5f883d22c",
    "client/src/features/games/court/courtInference.js": "49e8ca91e1caa66b",
    "client/src/features/games/court/courtInference.test.js": "82e6b184035f569e",
    "client/src/features/games/court/courtLayouts.js": "b8ded6fafcf2344f",
    "client/src/features/games/court/courtLayouts.test.js": "47fe45b5f0d0c0ae",
    "client/src/features/games/court/useCourtLayout.js": "f07f7a56fffd59da",
    "client/src/features/games/gameClock.js": "39e103cf0993aa1a",
    "client/src/features/games/gameClock.test.js": "dd8910cd6fe3e5bf",
    "client/src/features/games/highlightReel.js": "25990fca2031084d",
    "client/src/features/games/highlightReel.test.js": "695f8e0582c47cb6",
    "client/src/features/games/pages/GameDetailPage.jsx": "52e4fcb06757d207",
    "client/src/features/games/pages/GameDetailPage.test.jsx": "68c7a88452abecfb",
    "client/src/features/games/pages/GameTrackPage.jsx": "57a7574ccd4aa6ae",
    "client/src/features/games/pages/GameTrackPage.test.jsx": "a16ec9ee3e1c76f3",
    "client/src/features/games/pages/GamesListPage.jsx": "39150c8e69ed71af",
    "client/src/features/games/pages/GamesListPage.test.jsx": "3d0ff6ff063e30b6",
    "client/src/features/games/pages/NewGamePage.jsx": "41f2ab78f442e5da",
    "client/src/features/games/pages/NewGamePage.test.jsx": "218f8cb5469ae3a3",
    "client/src/features/games/youtube.js": "4b721434e3f89d8e",
    "client/src/features/leagues/.DS_Store": "03a39d2b3c19340e",
    "client/src/features/leagues/api/leaguesApi.js": "81a56b429c2af168",
    "client/src/features/leagues/components/DataCompletenessPanel.jsx": "6e5ee3dad6675088",
    "client/src/features/leagues/components/DataCompletenessPanel.test.jsx": "c00e709b36666d53",
    "client/src/features/leagues/components/JoinRequestsPanel.jsx": "0f5c88d43460a2e2",
    "client/src/features/leagues/components/LeagueFormBadges.jsx": "cb046010d1bf7daf",
    "client/src/features/leagues/components/LeagueMembersPanel.jsx": "201daa30cef078ae",
    "client/src/features/leagues/components/LeagueRosterTable.jsx": "6d0c98479025457d",
    "client/src/features/leagues/components/LeagueStandingsTable.jsx": "3ebff5e008428f4c",
    "client/src/features/leagues/components/LeagueStandingsTable.test.jsx": "ee4bde82b2fda70c",
    "client/src/features/leagues/components/ScheduleDraftTable.jsx": "e51b3b2c740aa861",
    "client/src/features/leagues/components/ScheduleDraftTable.test.jsx": "61addaa44d7152cd",
    "client/src/features/leagues/components/SeasonSelect.jsx": "f5cbbd5ce11a977b",
    "client/src/features/leagues/hooks/usePublicLeague.js": "097f82b71aa8d414",
    "client/src/features/leagues/pages/.DS_Store": "58ca24b5787992fc",
    "client/src/features/leagues/pages/AdminLeaguePage.jsx": "ce13324084082b0b",
    "client/src/features/leagues/pages/AdminLeaguePage.test.jsx": "e7807c224226f393",
    "client/src/features/leagues/pages/AdminLeagueSchedulePage.jsx": "52b6af93f020f66c",
    "client/src/features/leagues/pages/AdminLeagueSchedulePage.test.jsx": "4ab21599e90b5fa8",
    "client/src/features/leagues/pages/AdminLeagueTeamPage.jsx": "87d2853ba7b1626b",
    "client/src/features/leagues/pages/AdminNewLeagueGamePage.jsx": "51f552c15d2d55c3",
    "client/src/features/leagues/pages/AdminNewLeagueGamePage.test.jsx": "c323e660d339ba38",
    "client/src/features/leagues/pages/AdminNewLeaguePage.jsx": "4f266dec2ea978ce",
    "client/src/features/leagues/pages/AdminNewLeagueTeamPage.jsx": "e4ec7959da469819",
    "client/src/features/leagues/pages/LeaguesPage.jsx": "1c9001b9e353d7a4",
    "client/src/features/leagues/pages/MySportyPage.jsx": "07190e13cf5c6bfa",
    "client/src/features/leagues/pages/MySportyPage.test.jsx": "3d3ecda12410da42",
    "client/src/features/leagues/pages/PublicLeagueGamesPage.jsx": "11e79d6d61887b39",
    "client/src/features/leagues/pages/PublicLeaguePage.jsx": "0281cbcb728f2872",
    "client/src/features/leagues/pages/PublicLeaguePlayerPage.jsx": "f655433cd5b7e7fb",
    "client/src/features/leagues/pages/PublicLeaguePlayerPage.test.jsx": "f0a2d3e88363f1e2",
    "client/src/features/leagues/pages/PublicLeagueStandingsPage.jsx": "b3b201b033106b3c",
    "client/src/features/leagues/pages/PublicLeagueStandingsPage.test.jsx": "5eeac52e8b6cf7b8",
    "client/src/features/leagues/pages/PublicLeagueTeamPage.jsx": "d0676977fe423dcf",
    "client/src/features/leagues/pages/PublicLeagueTeamPage.test.jsx": "863587f64074209e",
    "client/src/features/leagues/scheduleBuilder.js": "25f484aa087550eb",
    "client/src/features/leagues/scheduleBuilder.test.js": "d7d5bb338d0c7450",
    "client/src/features/leagues/seasonTrends.js": "b958d0d8c2bd4ece",
    "client/src/features/leagues/seasonTrends.test.js": "06d8ac66587e073a",
    "client/src/features/media/CloudinaryImage.jsx": "d3c428f5166d291a",
    "client/src/features/media/CloudinaryImage.test.jsx": "b75a8b2e7f113fba",
    "client/src/features/onboarding/pages/OnboardingPage.jsx": "c197f1e5186035c0",
    "client/src/features/onboarding/pages/OnboardingPage.test.jsx": "fffc87bf0b8898d2",
    "client/src/features/players/api/playersApi.js": "b6692addeb807ad7",
    "client/src/features/players/components/DiscoverablePlayers.jsx": "03774540c9bd40d4",
    "client/src/features/players/components/DiscoverablePlayers.test.jsx": "f5357a897dadebd3",
    "client/src/features/players/components/PlayerMilestones.jsx": "874329c76be870af",
    "client/src/features/players/components/PlayerMilestones.test.jsx": "6c4a79ee4fa2bc29",
    "client/src/features/players/components/PlayerStatsFilters.jsx": "0b1c63fb3e031d19",
    "client/src/features/players/components/ProfileCard.jsx": "eb571313b4d36683",
    "client/src/features/players/components/ProfileCard.test.jsx": "78fd3b3019b2844a",
    "client/src/features/players/pages/PublicUserProfilePage.jsx": "8bda9a1172075dbd",
    "client/src/features/players/pages/PublicUserProfilePage.test.jsx": "ec883438bc824d27",
    "client/src/features/players/playerStats.js": "3a7bb691b628bbca",
    "client/src/features/players/playerStats.test.js": "bccf6819fd7f9f48",
    "client/src/features/scrimmages/api/scrimmagesApi.js": "7c39732bd4c52953",
    "client/src/features/scrimmages/components/MergeScrimmagePlayers.jsx": "48008676faca5aad",
    "client/src/features/scrimmages/components/MergeScrimmagePlayers.test.jsx": "972ba1ee9bc7dcf6",
    "client/src/features/scrimmages/components/NewScrimmageGameDialog.jsx": "f3f68fef72e70fff",
    "client/src/features/scrimmages/components/ScrimmageDiscovery.jsx": "3dcf1ad37c3b26d1",
    "client/src/features/scrimmages/components/ScrimmageGameNavigator.jsx": "fecc70bb47fd67a1",
    "client/src/features/scrimmages/components/ScrimmageGameNavigator.test.jsx": "ea80392ec9bb8de1",
    "client/src/features/scrimmages/components/ScrimmagePlayerImport.jsx": "706fdf9391e8d936",
    "client/src/features/scrimmages/components/ScrimmagePlayerImport.test.jsx": "b5dbe90d3e715612",
    "client/src/features/scrimmages/components/ScrimmageResultsReview.jsx": "7db6a6cd834c7081",
    "client/src/features/scrimmages/components/ScrimmageStandings.jsx": "9f2dd7cc4b0deed5",
    "client/src/features/scrimmages/components/ScrimmageStandings.test.jsx": "709866431e4df526",
    "client/src/features/scrimmages/components/ScrimmageWeeklyRecap.jsx": "2f423a4c0af3ac0d",
    "client/src/features/scrimmages/components/ScrimmageWeeklyRecap.test.jsx": "92b1aa29b6250689",
    "client/src/features/scrimmages/components/weeklyRecapFixture.js": "ba09d404e61b8c4c",
    "client/src/features/scrimmages/pages/ScrimmageGameViews.test.jsx": "dbecee1058d3d8e1",
    "client/src/features/scrimmages/pages/ScrimmagePages.jsx": "cb1dd299773afadb",
    "client/src/features/scrimmages/pages/ScrimmagePages.test.jsx": "17d8d47ad1371c47",
    "client/src/features/scrimmages/pages/ScrimmagePlayerPage.jsx": "f112c4ef0a94e2b3",
    "client/src/features/scrimmages/pages/ScrimmagePlayerPage.test.jsx": "ac4afdb28408e84a",
    "client/src/features/scrimmages/videoTime.js": "043c9053a54bf368",
    "client/src/features/scrimmages/videoTime.test.js": "e7de7ef338356d8c",
    "client/src/features/scrimmages/weeklyRecap.js": "1e3f14d1a4873f17",
    "client/src/features/scrimmages/weeklyRecap.test.js": "4e804d2e0bbe8905",
    "client/src/features/social/api/instagramApi.js": "8455e2408593ac78",
    "client/src/features/social/components/InstagramSocialPostPanel.jsx": "5c600a71ed98d242",
    "client/src/features/social/components/InstagramSocialPostPanel.test.jsx": "133c89b210ce8b0c",
    "client/src/features/social/instagramDraftHandoff.js": "7585eea5f22df42d",
    "client/src/features/social/instagramDraftHandoff.test.js": "be5b375017b920a9",
    "client/src/features/social/pages/InstagramConnectionPage.jsx": "972caebf265365d3",
    "client/src/features/social/pages/InstagramConnectionPage.test.jsx": "0c16ca4b7e6775d5",
    "client/src/features/teams/api/teamsApi.js": "aeb5aa808de14d9b",
    "client/src/features/teams/components/StatsTable.jsx": "d5fa49b5fb39cf05",
    "client/src/features/teams/components/StatsTable.test.jsx": "17d5284dca41b483",
    "client/src/features/teams/pages/AdminTeamPage.jsx": "c8c561240e1bcb68",
    "client/src/features/teams/pages/AdminTeamPage.test.jsx": "1ac34c0ed65ad494",
    "client/src/features/teams/pages/EditTeamPage.jsx": "3c93454998def52e",
    "client/src/features/teams/pages/EditTeamPage.test.jsx": "3a861cfeb8c2f587",
    "client/src/features/teams/pages/NewTeamPage.jsx": "faad1974768cf99a",
    "client/src/features/teams/pages/NewTeamPage.test.jsx": "413341a85b548906",
    "client/src/features/teams/pages/OpponentPlaceholderPage.jsx": "d0ea7680a6c8eca5",
    "client/src/features/teams/pages/OpponentPlaceholderPage.test.jsx": "3343f59b4061ca37",
    "client/src/features/teams/pages/PublicPlayerPage.jsx": "ac74983137af0e80",
    "client/src/features/teams/pages/PublicPlayerPage.test.jsx": "5df7b7547bb75499",
    "client/src/features/teams/pages/PublicTeamPage.jsx": "4e5e3e201976426b",
    "client/src/features/teams/pages/PublicTeamPage.test.jsx": "088e6d93bd116fcb",
    "client/src/features/teams/pages/TeamsPage.jsx": "f51754d92024cff4",
    "client/src/features/teams/pages/TeamsPage.test.jsx": "18f772a217b2db2a",
    "client/src/features/teams/shareCardPayloads.js": "c6e344da175f6716",
    "client/src/hooks/resolveShareImage.js": "efb08e0a63b0a9b8",
    "client/src/hooks/useDocumentMeta.js": "e364732651bf6941",
    "client/src/layouts/AppLayout.jsx": "3d76a10a84485885",
    "client/src/layouts/AppLayout.test.jsx": "0b673c9299dde7d2",
    "client/src/lib/apiClient.js": "b7d6d707de0182e5",
    "client/src/lib/apiClient.test.js": "3d41dcdb068b5f7d",
    "client/src/lib/consent.js": "dae97498c1f00613",
    "client/src/lib/consent.test.js": "4ccceafb945c5680",
    "client/src/lib/downloadFile.js": "d3cb3c18e7604cbb",
    "client/src/lib/downloadFile.test.js": "db7735de3db56567",
    "client/src/lib/env.js": "3cba26a8ccfaa601",
    "client/src/lib/mediaQueries.js": "7faa6a42e47c9cb6",
    "client/src/lib/posthog.js": "94fcd32bcf908cc3",
    "client/src/lib/posthog.test.js": "81d9e05971ae71b1",
    "client/src/lib/safeRedirect.js": "a82a7e6e772d4eea",
    "client/src/lib/safeRedirect.test.js": "7d48ec67ef682acf",
    "client/src/lib/useHashScroll.js": "8db7aca59ef2085d",
    "client/src/lib/useHashScroll.test.jsx": "6bdc64770ffdb612",
    "client/src/main.jsx": "b18508568d131950",
    "client/src/pages/AboutPage.jsx": "4995e0b2d6c0e000",
    "client/src/pages/AboutPage.test.jsx": "be328d1813ccc4dc",
    "client/src/pages/ContactPage.jsx": "6b86bb23b69e4b9b",
    "client/src/pages/ContactPage.test.jsx": "82f98ea77fe20773",
    "client/src/pages/HomePage.jsx": "f4c4aea4b5f24999",
    "client/src/pages/HomePage.test.jsx": "5b971f621de5047e",
    "client/src/pages/NotFoundPage.jsx": "a07e16c39ec959f9",
    "client/src/pages/PrivacyPage.jsx": "0e6f54bbfcc0b2d0",
    "client/src/pages/TermsPage.jsx": "d63088b266f8d75c",
    "client/src/pages/TermsPage.test.jsx": "600e4bb324636197",
    "client/src/styles/globals.css": "1259eede708953c5",
    "client/src/tests.smoke.test.jsx": "d7df014738898b1e",
    "client/src/utils/placeholder.js": "dd11ae5694b293de",
    "client/src/utils/testSetup.js": "0457d2b187542239",
    "server/src/app.js": "b4be53ca72982a1e",
    "server/src/config/cookie.js": "7fe5bd753388f98f",
    "server/src/config/cors.js": "513a439c417e939e",
    "server/src/config/db.js": "311b977fd56af3f3",
    "server/src/config/env.js": "0d7b65cf8a0631b4",
    "server/src/config/logger.js": "0c6fb0c8eec900b2",
    "server/src/middleware/auth.middleware.js": "4ee086896ec55824",
    "server/src/middleware/csrf.middleware.js": "cd8f3383be15e5b3",
    "server/src/middleware/error.middleware.js": "ee7f12fe570d70c6",
    "server/src/middleware/notFound.middleware.js": "03c5117e577eddea",
    "server/src/middleware/publicCache.middleware.js": "d68269921b657075",
    "server/src/middleware/rateLimit.middleware.js": "824b0a4ead27a81e",
    "server/src/middleware/requestId.middleware.js": "fd76dd077bd7e657",
    "server/src/modules/analytics/analytics.service.js": "d630e7e9544c9c07",
    "server/src/modules/auth/auth.controller.js": "465285fd488597fd",
    "server/src/modules/auth/auth.repository.js": "8eb2af93187b67cf",
    "server/src/modules/auth/auth.routes.js": "b720ca7844fa075c",
    "server/src/modules/auth/auth.service.js": "c6d55bf3faee7706",
    "server/src/modules/auth/auth.validation.js": "012e72195151a513",
    "server/src/modules/auth/oauth.google.js": "46fb124fc88513cb",
    "server/src/modules/billing/billing.controller.js": "f723e2c2cd0e9296",
    "server/src/modules/billing/billing.routes.js": "1680adb4b84af551",
    "server/src/modules/billing/billing.service.js": "37c62718abba8012",
    "server/src/modules/billing/billing.validation.js": "0451f50419fb8a97",
    "server/src/modules/billing/entitlements.service.js": "1075660c22c6b100",
    "server/src/modules/billing/plan-catalog.js": "a0805a62a1981ba8",
    "server/src/modules/contact/contact.routes.js": "26fa81d33654f75e",
    "server/src/modules/export/export.controller.js": "3fb68d69febf967e",
    "server/src/modules/export/export.routes.js": "615fdcb2efa1bf9c",
    "server/src/modules/export/export.service.js": "f749d3340b45a26e",
    "server/src/modules/export/export.validation.js": "8ff9c7b0f6d2875f",
    "server/src/modules/feed/cloudinary.client.js": "d9f01c43b54ca02f",
    "server/src/modules/feed/feed.controller.js": "f1bf8cea7a316fa1",
    "server/src/modules/feed/feed.repository.js": "a339b4e94a96b2b9",
    "server/src/modules/feed/feed.routes.js": "df6364530db690af",
    "server/src/modules/feed/feed.service.js": "ea4110994d2694e2",
    "server/src/modules/feed/feed.validation.js": "999ad55a51c58b25",
    "server/src/modules/follows/follows.controller.js": "72ab96f0f6ddfe33",
    "server/src/modules/follows/follows.repository.js": "67978914fff0b986",
    "server/src/modules/follows/follows.routes.js": "e9e2e2c8d9d8ccd8",
    "server/src/modules/follows/follows.service.js": "57050162dfde34e9",
    "server/src/modules/follows/follows.validation.js": "c7ff59542530f677",
    "server/src/modules/games/gameRecap.service.js": "4a2d27f4902c69ea",
    "server/src/modules/games/gameSummaryAi.service.js": "20b29c895b2de8b4",
    "server/src/modules/games/games.controller.js": "07822bd884709d52",
    "server/src/modules/games/games.repository.js": "99d5f556629c18bd",
    "server/src/modules/games/games.routes.js": "5ebe763052afdd2f",
    "server/src/modules/games/games.service.js": "d098c4dcd87b9284",
    "server/src/modules/games/games.validation.js": "461d0659db897b4c",
    "server/src/modules/health/health.controller.js": "4428e88b37f43ab9",
    "server/src/modules/health/health.routes.js": "bfafdea154314579",
    "server/src/modules/leagues/dataCompleteness.checks.js": "998f396aef479288",
    "server/src/modules/leagues/dataCompleteness.repository.js": "cc30c66b2138fb34",
    "server/src/modules/leagues/dataCompleteness.service.js": "14adb5c24846de5d",
    "server/src/modules/leagues/dataCompleteness.validation.js": "9d7e0870de88f992",
    "server/src/modules/leagues/leagues.controller.js": "3853660bc5f73502",
    "server/src/modules/leagues/leagues.repository.js": "5eea2d5e365b3244",
    "server/src/modules/leagues/leagues.routes.js": "2ac7dc813708266f",
    "server/src/modules/leagues/leagues.service.js": "6a81385d8d04734a",
    "server/src/modules/leagues/leagues.validation.js": "5b7321f242e94531",
    "server/src/modules/leagues/seasons.repository.js": "3060b32256c0edf2",
    "server/src/modules/milestones/milestones.catalog.js": "8f4ce53d8d5f5577",
    "server/src/modules/milestones/milestones.controller.js": "4256320fe91aa754",
    "server/src/modules/milestones/milestones.repository.js": "36cdb9a49cb2a13f",
    "server/src/modules/milestones/milestones.routes.js": "d7231ae5e8149a17",
    "server/src/modules/milestones/milestones.service.js": "70a09e604fdd2390",
    "server/src/modules/milestones/milestones.validation.js": "14a30b4688d55b98",
    "server/src/modules/scrimmages/scrimmages.controller.js": "60e2c952327ea993",
    "server/src/modules/scrimmages/scrimmages.identity.js": "1dabe42721b09b52",
    "server/src/modules/scrimmages/scrimmages.repository.js": "917ab37c101036da",
    "server/src/modules/scrimmages/scrimmages.routes.js": "bb1c7956150daa71",
    "server/src/modules/scrimmages/scrimmages.scoring.js": "c5dae2ce4feea449",
    "server/src/modules/scrimmages/scrimmages.service.js": "56a807f52099c684",
    "server/src/modules/scrimmages/scrimmages.validation.js": "0ffc0dfb0c07d8bd",
    "server/src/modules/shared/cloudinaryUrl.js": "7ee46b20468c466a",
    "server/src/modules/shared/courtLayouts.js": "4b5883b0ddd4fe59",
    "server/src/modules/shared/gameClock.js": "adf9315fa0030664",
    "server/src/modules/shared/pagination.validation.js": "3153c12e6a6f47ad",
    "server/src/modules/shared/statSummary.js": "76f9a301e09dae33",
    "server/src/modules/shared/stats.constants.js": "d6a682822daf719d",
    "server/src/modules/teams/teams.controller.js": "de698b2dba7515f1",
    "server/src/modules/teams/teams.repository.js": "ce03a72d34245b68",
    "server/src/modules/teams/teams.routes.js": "2be748ee6a2e1eb3",
    "server/src/modules/teams/teams.service.js": "fc3793a9e5982c90",
    "server/src/modules/teams/teams.validation.js": "f4e2bf94ca548959",
    "server/src/routes/index.js": "e13e99fbf940c3a2",
    "server/src/scripts/backfill-auto-feed.js": "3eb27c3073149a6f",
    "server/src/scripts/backfill-game-finalscore.js": "0d59d37db99e9d66",
    "server/src/scripts/backfill-league-seasons.js": "66835808602e6fd9",
    "server/src/scripts/backfill-league-standings.js": "fe8e4de0292306ee",
    "server/src/scripts/backfill-participant-slug.js": "fa7a11e83e08f9d7",
    "server/src/scripts/backfill-player-milestones.js": "3be602f4df03caec",
    "server/src/scripts/backfill-team-season-summaries.js": "0ca53d14984194eb",
    "server/src/scripts/check-migration-state.js": "afbe7c8bf81e5e17",
    "server/src/scripts/create-stripe-portal-configuration.js": "417f4c24a29c0152",
    "server/src/scripts/ensure-instagram-indexes.js": "06fce7defa579f63",
    "server/src/scripts/ensure-scrimmage-indexes.js": "9bc68dc33aa4e714",
    "server/src/scripts/ensure-system-user.js": "f44f28f125a1a113",
    "server/src/scripts/export-league-snapshot.js": "dd02b1bd51dccd06",
    "server/src/scripts/lib/planMigration.js": "4544eb379f6e364f",
    "server/src/scripts/migrate-capacity-pricing.js": "40a68884b43fde75",
    "server/src/scripts/migrate-data-issue-dismissal-index.js": "c013399a9d624a6a",
    "server/src/scripts/migrate-drop-dead-indexes.js": "56535bc5440167d8",
    "server/src/scripts/migrate-drop-user-league-fields.js": "5ab8ff7757042ed8",
    "server/src/scripts/migrate-league-stripe-customer-index.js": "ce90d2f847ad0a84",
    "server/src/scripts/migrate-leaguestandings-season-index.js": "48c6152a455fc669",
    "server/src/scripts/migrate-unify-plan-enums.js": "ac8cfbc883d8ac84",
    "server/src/scripts/process-instagram-deliveries.js": "634b41b1e42fcae2",
    "server/src/scripts/retrack-league-games-dual.js": "d509b8b88241d1cf",
    "server/src/scripts/rotate-instagram-token-key.js": "e06458b36dbebf2a",
    "server/src/scripts/seed-scrimmages.js": "e3355a7b9a02ac79",
    "server/src/scripts/seed.js": "641a76eb168085f8",
    "server/src/scripts/set-instagram-operator.js": "90ad4adc4dddb873",
    "server/src/scripts/verify-instagram-connection.js": "a552a09982607be7",
    "server/src/server.js": "3557324012ae5f47",
    "server/src/services/authToken.service.js": "1474c97c6e380e21",
    "server/src/services/email.service.js": "97aedd53c910bf58",
    "server/src/services/email.template.js": "7647abae64259222",
    "server/src/services/session.service.js": "ff2524c0186a4371",
    "server/src/services/token.service.js": "ef54bf553ca1f8cf",
    "server/src/tests/integration/billing.routes.test.js": "2c8325f0576b6573",
    "server/src/tests/integration/canonical-enum-writes.test.js": "158d0d3e71f8e29d",
    "server/src/tests/integration/contact.test.js": "237d60b6615b0f63",
    "server/src/tests/integration/court-layout-roundtrip.test.js": "a677b399996eb726",
    "server/src/tests/integration/export.test.js": "0197ed34350ee90a",
    "server/src/tests/integration/feed.test.js": "210378495434e66d",
    "server/src/tests/integration/follows.test.js": "6e182c285b89ff47",
    "server/src/tests/integration/games.public.test.js": "85897cb643ef7b2a",
    "server/src/tests/integration/games.roster-add.test.js": "7e50bbf492e8a98b",
    "server/src/tests/integration/gates.test.js": "2d8896f538fdabfd",
    "server/src/tests/integration/health.test.js": "57447c1abc9dbe3b",
    "server/src/tests/integration/leagues.bulk-games.test.js": "e77e773bd3783ecb",
    "server/src/tests/integration/leagues.data-completeness.test.js": "ff828c9d78202a24",
    "server/src/tests/integration/leagues.seasons.test.js": "a04708e8f1439f11",
    "server/src/tests/integration/milestones.routes.test.js": "0b96bf2d638f7bc2",
    "server/src/tests/integration/public-player-profiles.test.js": "acb62c8ee5d13cbc",
    "server/src/tests/integration/public-teams.test.js": "f3814f8f6216443a",
    "server/src/tests/integration/scrimmages.test.js": "b63c9429908ecca7",
    "server/src/tests/integration/teams.auth.test.js": "ba0bdfbb13a8e6ff",
    "server/src/tests/unit/analytics.service.test.js": "c220b85dec2551f0",
    "server/src/tests/unit/auth.service.test.js": "56de359b942b171d",
    "server/src/tests/unit/authToken.service.test.js": "8f7b650dfe5c974a",
    "server/src/tests/unit/billing-source.schema.test.js": "ed4e664a3d2f6dea",
    "server/src/tests/unit/billing.dependency-contract.test.js": "4e398e4d353f7205",
    "server/src/tests/unit/billing.lifecycle.test.js": "a2f01417a7e4ff13",
    "server/src/tests/unit/billing.service.test.js": "21ebd93ec93a4f3f",
    "server/src/tests/unit/bulk-create-league-games.test.js": "c296afcd950e12c7",
    "server/src/tests/unit/bulk-games-repository.test.js": "3945bb19e38cc63a",
    "server/src/tests/unit/bulk-games-validation.test.js": "f7cc8eb3480f066a",
    "server/src/tests/unit/cloudinaryUrl.test.js": "ebb0462d5911a8d7",
    "server/src/tests/unit/court-layout-contract.test.js": "1ee6067e8b37df5f",
    "server/src/tests/unit/csv.test.js": "f1a766e31538d49c",
    "server/src/tests/unit/data-completeness-checks.test.js": "23569bf25edc71ed",
    "server/src/tests/unit/data-completeness-repository.test.js": "749156075904411d",
    "server/src/tests/unit/data-completeness-service.test.js": "2c1c657359f40a65",
    "server/src/tests/unit/data-completeness-validation.test.js": "ad0a2b129457b9bf",
    "server/src/tests/unit/email.service.test.js": "6dd8a76148255b65",
    "server/src/tests/unit/email.template.test.js": "f59e2906a3455cc0",
    "server/src/tests/unit/entitlements.service.test.js": "da707537bd78b89f",
    "server/src/tests/unit/env.schema.test.js": "e1d5bf99e51b8f2c",
    "server/src/tests/unit/feed.repository.schema.test.js": "c1d67d828fc135fb",
    "server/src/tests/unit/feed.service.test.js": "8215ec6e1b97e273",
    "server/src/tests/unit/follows.dependency-contract.test.js": "3f1d67d03644531b",
    "server/src/tests/unit/follows.repository.schema.test.js": "0b255453ab6740b5",
    "server/src/tests/unit/follows.service.test.js": "3cd52705d6fa59a0",
    "server/src/tests/unit/game-clock.test.js": "f7a0fa449ee7dd10",
    "server/src/tests/unit/game-recap.service.test.js": "054fca971a5d82b7",
    "server/src/tests/unit/game-roster-add-service.test.js": "f274bb821d22bf40",
    "server/src/tests/unit/game-roster-add.test.js": "bbb1867a10ec9620",
    "server/src/tests/unit/game-roster-can-manage.test.js": "6f1d4397a98bea67",
    "server/src/tests/unit/game-roster-target.test.js": "5e0e4ee363d7bf29",
    "server/src/tests/unit/game-scheduled-status.test.js": "0083a75e0f98b9a1",
    "server/src/tests/unit/game-venue.test.js": "4b963bdf7db0e0a0",
    "server/src/tests/unit/gameSummaryAi.service.test.js": "1ec8863ed0292c1e",
    "server/src/tests/unit/games.repository.schema.test.js": "440f84369ad90750",
    "server/src/tests/unit/games.service.opponent.test.js": "3ce85dc9993d7374",
    "server/src/tests/unit/games.service.test.js": "a281ced6a6596586",
    "server/src/tests/unit/games.validation.test.js": "8dc927d257cb01bb",
    "server/src/tests/unit/leagues.service.test.js": "b58e7bb6e0eeaeda",
    "server/src/tests/unit/milestones.catalog.test.js": "48a375484af94277",
    "server/src/tests/unit/milestones.detection.test.js": "e255de12bdd1201f",
    "server/src/tests/unit/milestones.identity.test.js": "ba059314e5e97b7c",
    "server/src/tests/unit/milestones.publish.test.js": "26e28a0a8c1f5792",
    "server/src/tests/unit/milestones.reevaluate.test.js": "ef587df86fa7cdf2",
    "server/src/tests/unit/milestones.rekey.test.js": "da6c001d825f1fc7",
    "server/src/tests/unit/milestones.repository.schema.test.js": "3ae82447a0d4c606",
    "server/src/tests/unit/oauth.google.test.js": "ce6b81e5584c8a91",
    "server/src/tests/unit/pagination.test.js": "6004ef0f7590bb3b",
    "server/src/tests/unit/plan-catalog.test.js": "22ee038e8f48628d",
    "server/src/tests/unit/planMigration.test.js": "8108f9ed5ad7f935",
    "server/src/tests/unit/publicCache.middleware.test.js": "97662632facef5bf",
    "server/src/tests/unit/rateLimit.middleware.test.js": "491e9406e34b42f6",
    "server/src/tests/unit/scrimmages.identity.test.js": "226130acf24ba8f6",
    "server/src/tests/unit/scrimmages.scoring.test.js": "44dac9fd9b2248cc",
    "server/src/tests/unit/scrimmages.service.test.js": "357df8fdbddd8a9f",
    "server/src/tests/unit/seasons.service.test.js": "e14f33f5d5f7a9fb",
    "server/src/tests/unit/seed.safety.test.js": "67e25b043d05c294",
    "server/src/tests/unit/seed.scrimmages.test.js": "f4022126937522db",
    "server/src/tests/unit/statSummary.test.js": "38bf0a4d3ce23e8e",
    "server/src/tests/unit/stripeUrl.test.js": "d20a7beb49a87428",
    "server/src/tests/unit/teams.public.service.test.js": "48cc73f886ad186f",
    "server/src/tests/unit/teams.service.test.js": "ca8264faa50d082a",
    "server/src/tests/unit/teams.validation.test.js": "25567e0f484619ec",
    "server/src/tests/unit/token.service.test.js": "058d2fa0ef12db93",
    "server/src/tests/unit/user.onboarding.schema.test.js": "0ca034018359a52d",
    "server/src/tests/unit/weball-saturday.test.js": "8a7165a324c9c72e",
    "server/src/tests/unit/webhookIdempotency.test.js": "bdfae302d30b01fc",
    "server/src/utils/apiError.js": "97ff3e77981874a5",
    "server/src/utils/apiResponse.js": "333523428caa83fa",
    "server/src/utils/asyncHandler.js": "213eaa3052e46c56",
    "server/src/utils/crypto.js": "25a341dfabfa0d9d",
    "server/src/utils/csv.js": "ace6fc032bf1adc5",
    "server/src/utils/escapeHtml.js": "04cef8208dd214ab",
    "server/src/utils/pagination.js": "d295deaa3f45b5e3",
    "server/src/utils/stripeUrl.js": "c17b0de6aa6b8af1",
    "server/src/utils/webhookIdempotency.js": "a7d43ef8eb1a7e4a"
  },
  "scrimmageUpdate": {
    "baseCommit": "7064b718424b46f9a241944555d0e955e5f87871",
    "workingTree": true
  }
}
