{
  "schema": "tsw-codemap-lock/1",
  "generatedFrom": {
    "commit": "93e71853a46388cfe2a1c1b8dd9b26e6afaeaf53",
    "branch": "dev"
  },
  "graph": {
    "nodes": 33,
    "edges": 125,
    "flows": 5
  },
  "verification": {
    "method": "every node path, source file, test file and flow step file resolved on disk; every flow step symbol grep-verified inside its file",
    "nodePathsChecked": 26,
    "filesHashed": 415,
    "flowStepsVerified": 39,
    "problems": []
  },
  "fileHashes": {
    "client/src/app/providers/AppProviders.jsx": "904dab3bcb9f893e",
    "client/src/app/providers/queryClient.js": "4adaf4eb80abcf41",
    "client/src/app/router/AppRouter.jsx": "b883eddd8a0fa14a",
    "client/src/app/router/AppRouter.test.jsx": "8954abea22b4f264",
    "client/src/app/store/AuthContext.jsx": "6380862dc42fae34",
    "client/src/app/store/AuthContext.test.jsx": "82cf655cdc1c3180",
    "client/src/components/Breadcrumbs.jsx": "3304ad3087be8bf4",
    "client/src/components/DarkPageHeader.jsx": "de02a44913647f54",
    "client/src/components/PageHeader.jsx": "69d904a4c90b1f33",
    "client/src/components/PlaceholderCard.jsx": "9427bff1249a14b8",
    "client/src/components/SportsLoader.jsx": "aeb56332ae5e08f8",
    "client/src/components/Tabs.jsx": "81fb5bbe163ef6f2",
    "client/src/components/ui/FloatingActionButton.jsx": "5ac40e2c60ddc334",
    "client/src/components/ui/LeagueGameCard.jsx": "a118b28798ad18b5",
    "client/src/components/ui/Modal.jsx": "1a6f637f70c28215",
    "client/src/components/ui/Modal.test.jsx": "f45265a31a125b7e",
    "client/src/features/analytics/ConsentBanner.jsx": "52093cc05e8942f0",
    "client/src/features/analytics/ConsentBanner.test.jsx": "268ad828fce6d9bd",
    "client/src/features/analytics/PostHogRouteTracker.jsx": "7e4b7927311f9a57",
    "client/src/features/analytics/PostHogRouteTracker.test.jsx": "8eedbdc9c7f67ebb",
    "client/src/features/analytics/signupEvents.js": "a25d6db254ff4b31",
    "client/src/features/analytics/signupEvents.test.js": "f020b248272aba67",
    "client/src/features/analytics/trackEvent.js": "f9c21759c1e144ec",
    "client/src/features/analytics/useScrollDepth.js": "ee2f0eefc3f93127",
    "client/src/features/auth/api/authApi.js": "6697ca9d924b5a3c",
    "client/src/features/auth/components/LoginForm.jsx": "effa4a2c6d0e408b",
    "client/src/features/auth/components/RegisterForm.jsx": "72f43d1e50bbde92",
    "client/src/features/auth/hooks/useAuthForm.js": "dc520cf37ef730eb",
    "client/src/features/auth/pages/AuthPage.jsx": "646dc05dce969aa8",
    "client/src/features/auth/pages/AuthPage.test.jsx": "dbcb4d5d91cc8ee8",
    "client/src/features/auth/pages/ForgotPasswordPage.jsx": "9423b78f30e58cdc",
    "client/src/features/auth/pages/GoogleCompletePage.jsx": "824c5364e1c4c908",
    "client/src/features/auth/pages/ResetPasswordPage.jsx": "1060340967a7438a",
    "client/src/features/auth/pages/VerifyEmailPage.jsx": "e6d601b76e4f5e28",
    "client/src/features/auth/schemas/authSchemas.js": "a35b158e518093b4",
    "client/src/features/billing/api/billingApi.js": "452172682913a329",
    "client/src/features/billing/components/BillingStatusPill.jsx": "bfc864c95f350cb1",
    "client/src/features/billing/components/BillingStatusPill.test.jsx": "15708048caa8119f",
    "client/src/features/billing/components/LockedFeatureCard.jsx": "13b5b2ebf9db6140",
    "client/src/features/billing/pages/BillingCancelPage.jsx": "c5f6119613cc71de",
    "client/src/features/billing/pages/BillingSuccessPage.jsx": "8c829d1eaa11b362",
    "client/src/features/billing/pages/BillingSuccessPage.test.jsx": "a182b2b888fa50b2",
    "client/src/features/billing/pages/PricingPage.jsx": "07f178a9c5a679fb",
    "client/src/features/billing/pages/PricingPage.test.jsx": "5a1b485c8f93e11e",
    "client/src/features/contact/contactApi.js": "fd8af59536be4dca",
    "client/src/features/dashboard/AdminPage.jsx": "9d7be11f8117f803",
    "client/src/features/export/api/exportApi.js": "aca2338298bf9da2",
    "client/src/features/export/components/ExportCsvButton.jsx": "61a740fd86ba117a",
    "client/src/features/export/components/ExportCsvButton.test.jsx": "7790ef6c10a388e5",
    "client/src/features/export/hooks/useExportCsv.js": "ac4cd49a7e43a8fd",
    "client/src/features/export/hooks/useExportCsv.test.js": "d1ae92a606c0f60d",
    "client/src/features/feed/api/feedApi.js": "610a2c50b205e33c",
    "client/src/features/feed/cardImage.js": "a5131ddea9502134",
    "client/src/features/feed/components/FeedComposer.jsx": "68f834b2bda6db2a",
    "client/src/features/feed/components/FeedList.jsx": "6ed0aab9e2b72948",
    "client/src/features/feed/components/FeedList.test.jsx": "14c544f0c3c69291",
    "client/src/features/feed/components/FeedPostCard.jsx": "2075edd12df5ce0b",
    "client/src/features/feed/components/FeedTabBar.jsx": "33df6ed12291254c",
    "client/src/features/feed/components/FullScreenPost.jsx": "c6f1155202dd9598",
    "client/src/features/feed/components/ShareImageButton.jsx": "d107efbfffb62052",
    "client/src/features/feed/components/ShareImageButton.test.jsx": "4b6d9b704f2e059a",
    "client/src/features/feed/components/cards/ShareCardPrimitives.jsx": "602e66d8a12a897a",
    "client/src/features/feed/components/cards/ShareableCardExport.jsx": "caffb58608a79ea6",
    "client/src/features/feed/components/cards/ShareableCardExport.test.jsx": "d4a49fa2bbdf764d",
    "client/src/features/feed/components/cards/shareExportTheme.js": "f6efba8148119a4e",
    "client/src/features/feed/components/cards/shareExportTheme.test.js": "0a75314963642a33",
    "client/src/features/feed/components/posts/CardPosts.test.jsx": "a53d1e5b9244719c",
    "client/src/features/feed/components/posts/FullScreenGameCard.jsx": "8260d29e97c15b07",
    "client/src/features/feed/components/posts/FullScreenHighlightClipPost.jsx": "7e7a7519ba960afe",
    "client/src/features/feed/components/posts/FullScreenImagePost.jsx": "08f7b31a5136a1e6",
    "client/src/features/feed/components/posts/FullScreenPlayerCard.jsx": "3d815519b531ae2c",
    "client/src/features/feed/components/posts/FullScreenTeamCard.jsx": "321bbebe1db6998d",
    "client/src/features/feed/components/posts/FullScreenVideoPost.jsx": "2d44ebab4bf97502",
    "client/src/features/feed/components/posts/GameCardPost.jsx": "05022af0a2303871",
    "client/src/features/feed/components/posts/HighlightClipPostCard.jsx": "e7fbc97638304c50",
    "client/src/features/feed/components/posts/ImagePostCard.jsx": "6ad598cdefcb1cab",
    "client/src/features/feed/components/posts/MilestonePost.jsx": "e6a9c58c9f7970f3",
    "client/src/features/feed/components/posts/MilestonePost.test.jsx": "944f76570e0d17cd",
    "client/src/features/feed/components/posts/PlayerCardPost.jsx": "23cac111314947d2",
    "client/src/features/feed/components/posts/TeamCardPost.jsx": "0c3386563705a7f0",
    "client/src/features/feed/components/posts/VideoPostCard.jsx": "54b7dd8cb103afed",
    "client/src/features/feed/components/posts/cardFixtures.js": "134ca8aadd522b3d",
    "client/src/features/feed/components/posts/cardUtils.js": "b8f529aeb0dfd9f7",
    "client/src/features/feed/hooks/useIsMobileDevice.js": "0104ed77b24a163d",
    "client/src/features/feed/hooks/useShareImage.js": "845699c70a1d1380",
    "client/src/features/feed/hooks/useShareImage.test.js": "b298c3dfd4f876ba",
    "client/src/features/feed/hooks/useSnapScrollAutoplay.js": "44a37f89a7fbdfe5",
    "client/src/features/feed/hooks/useYouTubeAutoplay.js": "02b6794d4b25eb1b",
    "client/src/features/feed/pages/FeedPage.jsx": "b6b9ece994d817be",
    "client/src/features/feed/pages/FeedPage.test.jsx": "4bac1cbaaabb15a8",
    "client/src/features/follows/api/followsApi.js": "d1f125f578faf327",
    "client/src/features/follows/components/FollowButton.jsx": "875de90e82cf6479",
    "client/src/features/follows/components/FollowButton.test.jsx": "f141dd8c98e613c1",
    "client/src/features/follows/hooks/useFollowStatus.js": "5fae759bb7961f60",
    "client/src/features/follows/hooks/useFollowing.js": "ac24a29630b19d18",
    "client/src/features/follows/pages/FollowingPage.jsx": "777e4b5694ce32ff",
    "client/src/features/follows/pages/FollowingPage.test.jsx": "282e9893bac8943e",
    "client/src/features/games/api/gamesApi.js": "c6f2595dcace7e05",
    "client/src/features/games/components/AddRosterPlayerDialog.jsx": "ff0e13dee6b204c0",
    "client/src/features/games/components/AddRosterPlayerDialog.test.jsx": "6df123f47ab2d482",
    "client/src/features/games/components/GameClockControls.jsx": "1c8b4baa2e49d847",
    "client/src/features/games/components/GameClockControls.test.jsx": "9b82cd39e95f58f1",
    "client/src/features/games/components/GameDetailHeader.jsx": "b971a07ee87835ec",
    "client/src/features/games/components/GameDetailHeader.test.jsx": "62506a1add783cb9",
    "client/src/features/games/components/GameFormatFields.jsx": "e5e6d2ffe7714086",
    "client/src/features/games/components/GameRecapPanel.jsx": "a0c48a2a0885f9bb",
    "client/src/features/games/components/GameReplayPanel.jsx": "2c4da751f805b95f",
    "client/src/features/games/components/GameStatsCharts.jsx": "1b288dc209a17e35",
    "client/src/features/games/components/GameTrackScoreHeader.jsx": "6ec771425176629b",
    "client/src/features/games/components/GameVideoEmbed.jsx": "01ab88bdefef19ba",
    "client/src/features/games/components/InteractiveCourtImage.jsx": "6f16be4e33151bb3",
    "client/src/features/games/components/InteractiveCourtImage.test.jsx": "d89bee3305947f5c",
    "client/src/features/games/components/InteractiveCourtSvg.jsx": "b06ef833f616473e",
    "client/src/features/games/components/InteractiveCourtSvg.test.jsx": "9eab03850d8f2269",
    "client/src/features/games/components/RecapShotSnapshot.jsx": "41847d4592483b26",
    "client/src/features/games/components/ScoringTimelineChart.jsx": "0efb9ffb198eea63",
    "client/src/features/games/components/YouTubeHighlightReel.jsx": "c663f48193ebfd5d",
    "client/src/features/games/components/YouTubeHighlightReel.test.jsx": "5cdb331c0f648873",
    "client/src/features/games/constants.js": "ee352827e7628e07",
    "client/src/features/games/court/courtGeometry.js": "227aa97d755ee5f0",
    "client/src/features/games/court/courtImageCalibration.js": "560e23242dcc7bcc",
    "client/src/features/games/court/courtImageCalibration.test.js": "a9c9fae5f883d22c",
    "client/src/features/games/court/courtInference.js": "a3e11d13896fe0a3",
    "client/src/features/games/court/courtInference.test.js": "b622c8c1768e0432",
    "client/src/features/games/gameClock.js": "a5e7a9c7314506ae",
    "client/src/features/games/gameClock.test.js": "dd8910cd6fe3e5bf",
    "client/src/features/games/highlightReel.js": "2b4f7628e272fff5",
    "client/src/features/games/highlightReel.test.js": "695f8e0582c47cb6",
    "client/src/features/games/pages/GameDetailPage.jsx": "815c0d50d8286797",
    "client/src/features/games/pages/GameDetailPage.test.jsx": "08644ac20d90b197",
    "client/src/features/games/pages/GameTrackPage.jsx": "0bea3ac25f525391",
    "client/src/features/games/pages/GameTrackPage.test.jsx": "21a0718b4e0865e9",
    "client/src/features/games/pages/GamesListPage.jsx": "39150c8e69ed71af",
    "client/src/features/games/pages/GamesListPage.test.jsx": "3d0ff6ff063e30b6",
    "client/src/features/games/pages/NewGamePage.jsx": "c3491fdb9ea2ffec",
    "client/src/features/games/pages/NewGamePage.test.jsx": "3a099f24b93aa23d",
    "client/src/features/games/youtube.js": "4b721434e3f89d8e",
    "client/src/features/leagues/api/leaguesApi.js": "8d34e7185695fb78",
    "client/src/features/leagues/components/DataCompletenessPanel.jsx": "6e5ee3dad6675088",
    "client/src/features/leagues/components/DataCompletenessPanel.test.jsx": "c00e709b36666d53",
    "client/src/features/leagues/components/JoinRequestsPanel.jsx": "0f5c88d43460a2e2",
    "client/src/features/leagues/components/LeagueFormBadges.jsx": "cb046010d1bf7daf",
    "client/src/features/leagues/components/LeagueMembersPanel.jsx": "201daa30cef078ae",
    "client/src/features/leagues/components/LeagueRosterTable.jsx": "6d0c98479025457d",
    "client/src/features/leagues/components/LeagueStandingsTable.jsx": "fcbbfe3e3254cb41",
    "client/src/features/leagues/components/LeagueStandingsTable.test.jsx": "ee4bde82b2fda70c",
    "client/src/features/leagues/components/ScheduleDraftTable.jsx": "e51b3b2c740aa861",
    "client/src/features/leagues/components/ScheduleDraftTable.test.jsx": "61addaa44d7152cd",
    "client/src/features/leagues/components/SeasonSelect.jsx": "f5cbbd5ce11a977b",
    "client/src/features/leagues/hooks/usePublicLeague.js": "097f82b71aa8d414",
    "client/src/features/leagues/pages/AdminLeaguePage.jsx": "755ccc760b2bf873",
    "client/src/features/leagues/pages/AdminLeaguePage.test.jsx": "6fbf368bd468109e",
    "client/src/features/leagues/pages/AdminLeagueSchedulePage.jsx": "974132501c6a04ef",
    "client/src/features/leagues/pages/AdminLeagueSchedulePage.test.jsx": "aaaa62b1dc8b338f",
    "client/src/features/leagues/pages/AdminLeagueTeamPage.jsx": "da5050133e24fd15",
    "client/src/features/leagues/pages/AdminNewLeagueGamePage.jsx": "71fcfda9a79d30ab",
    "client/src/features/leagues/pages/AdminNewLeagueGamePage.test.jsx": "77ef111474fc5cf2",
    "client/src/features/leagues/pages/AdminNewLeaguePage.jsx": "4f266dec2ea978ce",
    "client/src/features/leagues/pages/AdminNewLeagueTeamPage.jsx": "095e09c570fa2e45",
    "client/src/features/leagues/pages/LeaguesPage.jsx": "1c9001b9e353d7a4",
    "client/src/features/leagues/pages/MySportyPage.jsx": "1949993d62db6a8a",
    "client/src/features/leagues/pages/PublicLeagueGamesPage.jsx": "cc4abc378fc3d8f3",
    "client/src/features/leagues/pages/PublicLeaguePage.jsx": "bd5934bc3da25241",
    "client/src/features/leagues/pages/PublicLeaguePlayerPage.jsx": "494ef3e4067c709c",
    "client/src/features/leagues/pages/PublicLeagueStandingsPage.jsx": "198d61a172c088d4",
    "client/src/features/leagues/pages/PublicLeagueStandingsPage.test.jsx": "5eeac52e8b6cf7b8",
    "client/src/features/leagues/pages/PublicLeagueTeamPage.jsx": "bb1e4fd210c837ed",
    "client/src/features/leagues/pages/PublicLeagueTeamPage.test.jsx": "258bf073d8b54632",
    "client/src/features/leagues/scheduleBuilder.js": "25f484aa087550eb",
    "client/src/features/leagues/scheduleBuilder.test.js": "d7d5bb338d0c7450",
    "client/src/features/leagues/seasonTrends.js": "b958d0d8c2bd4ece",
    "client/src/features/leagues/seasonTrends.test.js": "06d8ac66587e073a",
    "client/src/features/media/CloudinaryImage.jsx": "d3c428f5166d291a",
    "client/src/features/media/CloudinaryImage.test.jsx": "b75a8b2e7f113fba",
    "client/src/features/players/api/playersApi.js": "b6692addeb807ad7",
    "client/src/features/players/components/DiscoverablePlayers.jsx": "da46ce948e51b4dd",
    "client/src/features/players/components/DiscoverablePlayers.test.jsx": "c867003990fdd0c2",
    "client/src/features/players/components/PlayerMilestones.jsx": "874329c76be870af",
    "client/src/features/players/components/PlayerMilestones.test.jsx": "6c4a79ee4fa2bc29",
    "client/src/features/players/components/ProfileCard.jsx": "eb571313b4d36683",
    "client/src/features/players/components/ProfileCard.test.jsx": "78fd3b3019b2844a",
    "client/src/features/players/pages/PublicUserProfilePage.jsx": "8bda9a1172075dbd",
    "client/src/features/players/pages/PublicUserProfilePage.test.jsx": "ec883438bc824d27",
    "client/src/features/teams/api/teamsApi.js": "6ea33ae298a80f17",
    "client/src/features/teams/components/StatsTable.jsx": "d5fa49b5fb39cf05",
    "client/src/features/teams/components/StatsTable.test.jsx": "17d5284dca41b483",
    "client/src/features/teams/pages/AdminTeamPage.jsx": "724083eb54ed9227",
    "client/src/features/teams/pages/EditTeamPage.jsx": "6e02d7c4b7c14c6c",
    "client/src/features/teams/pages/EditTeamPage.test.jsx": "7449a3431ea01640",
    "client/src/features/teams/pages/NewTeamPage.jsx": "0d694cbf0cc38bd9",
    "client/src/features/teams/pages/NewTeamPage.test.jsx": "38982c8a06d9bfb6",
    "client/src/features/teams/pages/OpponentPlaceholderPage.jsx": "d0ea7680a6c8eca5",
    "client/src/features/teams/pages/OpponentPlaceholderPage.test.jsx": "3343f59b4061ca37",
    "client/src/features/teams/pages/PublicPlayerPage.jsx": "d837cdc77f21c797",
    "client/src/features/teams/pages/PublicPlayerPage.test.jsx": "71af655e7fd420b2",
    "client/src/features/teams/pages/PublicTeamPage.jsx": "e6c401656b7ee707",
    "client/src/features/teams/pages/PublicTeamPage.test.jsx": "088e6d93bd116fcb",
    "client/src/features/teams/pages/TeamsPage.jsx": "f51754d92024cff4",
    "client/src/features/teams/pages/TeamsPage.test.jsx": "18f772a217b2db2a",
    "client/src/features/teams/shareCardPayloads.js": "c6e344da175f6716",
    "client/src/hooks/resolveShareImage.js": "efb08e0a63b0a9b8",
    "client/src/hooks/useDocumentMeta.js": "e364732651bf6941",
    "client/src/layouts/AppLayout.jsx": "32c8c8644b989962",
    "client/src/layouts/AppLayout.test.jsx": "fb16b5f689336caa",
    "client/src/lib/apiClient.js": "8f3219292358673b",
    "client/src/lib/apiClient.test.js": "30fdafe4540c87be",
    "client/src/lib/consent.js": "30ee3428febae127",
    "client/src/lib/consent.test.js": "43f79638fa9037b6",
    "client/src/lib/downloadFile.js": "d3cb3c18e7604cbb",
    "client/src/lib/downloadFile.test.js": "db7735de3db56567",
    "client/src/lib/env.js": "435b65a82a4d2459",
    "client/src/lib/posthog.js": "b76a5bf7be5675e5",
    "client/src/lib/posthog.test.js": "480e2edc605a97cf",
    "client/src/pages/AboutPage.jsx": "9e8dbe17683ca7a5",
    "client/src/pages/AboutPage.test.jsx": "be328d1813ccc4dc",
    "client/src/pages/ContactPage.jsx": "9b445032a8fcae3b",
    "client/src/pages/ContactPage.test.jsx": "313c8cb7eaf7d3ff",
    "client/src/pages/HomePage.jsx": "0d4082a14e07c675",
    "client/src/pages/HomePage.test.jsx": "a1bda0fad29daae4",
    "client/src/pages/NotFoundPage.jsx": "a07e16c39ec959f9",
    "client/src/pages/PrivacyPage.jsx": "cb6d99d65862f14e",
    "client/src/utils/placeholder.js": "dd11ae5694b293de",
    "client/src/utils/testSetup.js": "eca918f80c153910",
    "server/src/app.js": "d71ea759c0a84810",
    "server/src/config/cookie.js": "7fe5bd753388f98f",
    "server/src/config/cors.js": "b24e81ccb46b9dec",
    "server/src/config/db.js": "311b977fd56af3f3",
    "server/src/config/env.js": "4f975069ae951130",
    "server/src/config/logger.js": "6b20fc76ead00305",
    "server/src/middleware/auth.middleware.js": "7bb6f9320452c7c7",
    "server/src/middleware/csrf.middleware.js": "cd8f3383be15e5b3",
    "server/src/middleware/error.middleware.js": "ee7f12fe570d70c6",
    "server/src/middleware/notFound.middleware.js": "03c5117e577eddea",
    "server/src/middleware/publicCache.middleware.js": "d68269921b657075",
    "server/src/middleware/rateLimit.middleware.js": "f4d2e37df0572c2b",
    "server/src/middleware/requestId.middleware.js": "266cc02978314a49",
    "server/src/modules/analytics/analytics.controller.js": "38dbf51db55da0ba",
    "server/src/modules/analytics/analytics.routes.js": "fae2b510531957d4",
    "server/src/modules/analytics/analytics.service.js": "0e5eeb507aebc2bb",
    "server/src/modules/auth/auth.controller.js": "3e106d4ecf044c5e",
    "server/src/modules/auth/auth.repository.js": "2019c7116b0757ad",
    "server/src/modules/auth/auth.routes.js": "17244541ccbee5e3",
    "server/src/modules/auth/auth.service.js": "79694a72f76f53e2",
    "server/src/modules/auth/auth.validation.js": "89cf9bfcd32f347f",
    "server/src/modules/auth/oauth.google.js": "46fb124fc88513cb",
    "server/src/modules/billing/billing.controller.js": "651bf0185cfa7b00",
    "server/src/modules/billing/billing.routes.js": "4bbb4f2c8689fa30",
    "server/src/modules/billing/billing.service.js": "2f37e37c5e9f52c7",
    "server/src/modules/billing/billing.validation.js": "3c3307855c12c0a8",
    "server/src/modules/billing/entitlements.service.js": "bb3713cd098e0e1b",
    "server/src/modules/billing/plan-catalog.js": "444df4322a717afb",
    "server/src/modules/contact/contact.routes.js": "6c785fa9d5047801",
    "server/src/modules/export/export.controller.js": "3fb68d69febf967e",
    "server/src/modules/export/export.routes.js": "615fdcb2efa1bf9c",
    "server/src/modules/export/export.service.js": "be16161f1426c00d",
    "server/src/modules/export/export.validation.js": "8ff9c7b0f6d2875f",
    "server/src/modules/feed/cloudinary.client.js": "20cd802d54270cfa",
    "server/src/modules/feed/feed.controller.js": "b4837f5b2cf79448",
    "server/src/modules/feed/feed.repository.js": "850548d0a51f56bd",
    "server/src/modules/feed/feed.routes.js": "5f33f18e06d8c0b4",
    "server/src/modules/feed/feed.service.js": "51ddc5184e1b6b59",
    "server/src/modules/feed/feed.validation.js": "b0c92d7d0e802841",
    "server/src/modules/follows/follows.controller.js": "72ab96f0f6ddfe33",
    "server/src/modules/follows/follows.repository.js": "67978914fff0b986",
    "server/src/modules/follows/follows.routes.js": "e9e2e2c8d9d8ccd8",
    "server/src/modules/follows/follows.service.js": "57050162dfde34e9",
    "server/src/modules/follows/follows.validation.js": "c7ff59542530f677",
    "server/src/modules/games/gameRecap.service.js": "fae277f18f6e6739",
    "server/src/modules/games/gameSummaryAi.service.js": "20b29c895b2de8b4",
    "server/src/modules/games/games.controller.js": "71149d932573d401",
    "server/src/modules/games/games.repository.js": "6dadb6c3fdca8ce8",
    "server/src/modules/games/games.routes.js": "9155ba9b4beae94c",
    "server/src/modules/games/games.service.js": "71a1665a4e69a554",
    "server/src/modules/games/games.validation.js": "f9a86527ae85bbde",
    "server/src/modules/health/health.controller.js": "4428e88b37f43ab9",
    "server/src/modules/health/health.routes.js": "bfafdea154314579",
    "server/src/modules/leagues/dataCompleteness.checks.js": "998f396aef479288",
    "server/src/modules/leagues/dataCompleteness.repository.js": "cc30c66b2138fb34",
    "server/src/modules/leagues/dataCompleteness.service.js": "14adb5c24846de5d",
    "server/src/modules/leagues/dataCompleteness.validation.js": "9d7e0870de88f992",
    "server/src/modules/leagues/leagues.controller.js": "9e688743064a2a82",
    "server/src/modules/leagues/leagues.repository.js": "a8bfbe564036e0c2",
    "server/src/modules/leagues/leagues.routes.js": "2ac7dc813708266f",
    "server/src/modules/leagues/leagues.service.js": "e95c51421bdbefb3",
    "server/src/modules/leagues/leagues.validation.js": "c0a1d4f703d3e4f3",
    "server/src/modules/leagues/seasons.repository.js": "3060b32256c0edf2",
    "server/src/modules/milestones/milestones.catalog.js": "8f4ce53d8d5f5577",
    "server/src/modules/milestones/milestones.controller.js": "4256320fe91aa754",
    "server/src/modules/milestones/milestones.repository.js": "36cdb9a49cb2a13f",
    "server/src/modules/milestones/milestones.routes.js": "d7231ae5e8149a17",
    "server/src/modules/milestones/milestones.service.js": "70a09e604fdd2390",
    "server/src/modules/milestones/milestones.validation.js": "14a30b4688d55b98",
    "server/src/modules/shared/cloudinaryUrl.js": "7ee46b20468c466a",
    "server/src/modules/shared/gameClock.js": "1688ba1681b9c8d0",
    "server/src/modules/shared/pagination.validation.js": "3153c12e6a6f47ad",
    "server/src/modules/shared/statSummary.js": "be54d1cddf2d0539",
    "server/src/modules/shared/stats.constants.js": "d6a682822daf719d",
    "server/src/modules/teams/teams.controller.js": "f2b7647e53e2c65c",
    "server/src/modules/teams/teams.repository.js": "ccd8873041f3be8a",
    "server/src/modules/teams/teams.routes.js": "db87b010c28e5875",
    "server/src/modules/teams/teams.service.js": "f888f0a70d4029fb",
    "server/src/modules/teams/teams.validation.js": "5bb24816c2c0c85f",
    "server/src/routes/index.js": "1cefaa2d65b2ed62",
    "server/src/scripts/backfill-auto-feed.js": "3eb27c3073149a6f",
    "server/src/scripts/backfill-game-finalscore.js": "0d59d37db99e9d66",
    "server/src/scripts/backfill-league-seasons.js": "66835808602e6fd9",
    "server/src/scripts/backfill-league-standings.js": "fe8e4de0292306ee",
    "server/src/scripts/backfill-participant-slug.js": "fa7a11e83e08f9d7",
    "server/src/scripts/backfill-player-milestones.js": "3be602f4df03caec",
    "server/src/scripts/backfill-team-season-summaries.js": "0ca53d14984194eb",
    "server/src/scripts/check-migration-state.js": "afbe7c8bf81e5e17",
    "server/src/scripts/ensure-system-user.js": "f44f28f125a1a113",
    "server/src/scripts/export-league-snapshot.js": "dd02b1bd51dccd06",
    "server/src/scripts/lib/planMigration.js": "d8962dd589faebc6",
    "server/src/scripts/migrate-data-issue-dismissal-index.js": "c013399a9d624a6a",
    "server/src/scripts/migrate-drop-dead-indexes.js": "56535bc5440167d8",
    "server/src/scripts/migrate-drop-user-league-fields.js": "5ab8ff7757042ed8",
    "server/src/scripts/migrate-league-stripe-customer-index.js": "ce90d2f847ad0a84",
    "server/src/scripts/migrate-leaguestandings-season-index.js": "48c6152a455fc669",
    "server/src/scripts/migrate-unify-plan-enums.js": "7810ffab5682c33f",
    "server/src/scripts/retrack-league-games-dual.js": "fc3ed46ec6178e88",
    "server/src/scripts/seed-demo-account.js": "f28d033561faac93",
    "server/src/scripts/seed.js": "a3557e7c2f4a177e",
    "server/src/server.js": "3a3562a900bde4a9",
    "server/src/services/authToken.service.js": "1474c97c6e380e21",
    "server/src/services/email.service.js": "2ae1265f4cefbeb5",
    "server/src/services/session.service.js": "12f759c4ea62caf8",
    "server/src/services/token.service.js": "ef54bf553ca1f8cf",
    "server/src/tests/integration/billing.routes.test.js": "9a3ba79c3040364a",
    "server/src/tests/integration/canonical-enum-writes.test.js": "ccd0ba7d1e136590",
    "server/src/tests/integration/contact.test.js": "1a8ef9f556e01d74",
    "server/src/tests/integration/export.test.js": "bad0e7be3e4d011f",
    "server/src/tests/integration/feed.test.js": "c032439c506da7d3",
    "server/src/tests/integration/follows.test.js": "9de4addafc6ca239",
    "server/src/tests/integration/games.public.test.js": "85897cb643ef7b2a",
    "server/src/tests/integration/games.roster-add.test.js": "412817bb04783b01",
    "server/src/tests/integration/gates.test.js": "eeef4bcecfde9c09",
    "server/src/tests/integration/health.test.js": "57447c1abc9dbe3b",
    "server/src/tests/integration/leagues.bulk-games.test.js": "e77e773bd3783ecb",
    "server/src/tests/integration/leagues.data-completeness.test.js": "ff828c9d78202a24",
    "server/src/tests/integration/leagues.seasons.test.js": "a04708e8f1439f11",
    "server/src/tests/integration/milestones.routes.test.js": "0b96bf2d638f7bc2",
    "server/src/tests/integration/public-player-profiles.test.js": "acb62c8ee5d13cbc",
    "server/src/tests/integration/public-teams.test.js": "f3814f8f6216443a",
    "server/src/tests/integration/teams.auth.test.js": "ba0bdfbb13a8e6ff",
    "server/src/tests/unit/analytics.controller.test.js": "abc7d627c45e2c91",
    "server/src/tests/unit/analytics.service.test.js": "ec5fd9fac4500860",
    "server/src/tests/unit/auth.service.test.js": "ad48db3df4957c85",
    "server/src/tests/unit/authToken.service.test.js": "8f7b650dfe5c974a",
    "server/src/tests/unit/billing-source.schema.test.js": "ed4e664a3d2f6dea",
    "server/src/tests/unit/billing.dependency-contract.test.js": "4e398e4d353f7205",
    "server/src/tests/unit/billing.lifecycle.test.js": "ac1fe0a068db1c7e",
    "server/src/tests/unit/billing.service.test.js": "26a84c2eb1410876",
    "server/src/tests/unit/bulk-create-league-games.test.js": "97a8903ceb37772a",
    "server/src/tests/unit/bulk-games-repository.test.js": "74ff8226ed5fdd83",
    "server/src/tests/unit/bulk-games-validation.test.js": "f7cc8eb3480f066a",
    "server/src/tests/unit/cloudinaryUrl.test.js": "ebb0462d5911a8d7",
    "server/src/tests/unit/csv.test.js": "f1a766e31538d49c",
    "server/src/tests/unit/data-completeness-checks.test.js": "23569bf25edc71ed",
    "server/src/tests/unit/data-completeness-repository.test.js": "749156075904411d",
    "server/src/tests/unit/data-completeness-service.test.js": "2c1c657359f40a65",
    "server/src/tests/unit/data-completeness-validation.test.js": "ad0a2b129457b9bf",
    "server/src/tests/unit/email.service.test.js": "fa1d489f52eefca2",
    "server/src/tests/unit/entitlements.service.test.js": "bfaacdac624ba9df",
    "server/src/tests/unit/env.schema.test.js": "922a8ac064bdbb0b",
    "server/src/tests/unit/feed.repository.schema.test.js": "40baa670fea0d381",
    "server/src/tests/unit/feed.service.test.js": "ff6cd4aa367583a1",
    "server/src/tests/unit/follows.dependency-contract.test.js": "3f1d67d03644531b",
    "server/src/tests/unit/follows.repository.schema.test.js": "0b255453ab6740b5",
    "server/src/tests/unit/follows.service.test.js": "3cd52705d6fa59a0",
    "server/src/tests/unit/game-clock.test.js": "f7a0fa449ee7dd10",
    "server/src/tests/unit/game-recap.service.test.js": "296fe9da41bc3b86",
    "server/src/tests/unit/game-roster-add-service.test.js": "9be11c7c073f395b",
    "server/src/tests/unit/game-roster-add.test.js": "bbb1867a10ec9620",
    "server/src/tests/unit/game-roster-can-manage.test.js": "6f1d4397a98bea67",
    "server/src/tests/unit/game-roster-target.test.js": "5e0e4ee363d7bf29",
    "server/src/tests/unit/game-scheduled-status.test.js": "17a1ca65b33f2095",
    "server/src/tests/unit/game-venue.test.js": "4419414fd657225b",
    "server/src/tests/unit/gameSummaryAi.service.test.js": "1ec8863ed0292c1e",
    "server/src/tests/unit/games.repository.schema.test.js": "bb6010ad8a11c8a3",
    "server/src/tests/unit/games.service.opponent.test.js": "681ca3e9b5b6fcea",
    "server/src/tests/unit/games.service.test.js": "fa6aa6164f6ed3e9",
    "server/src/tests/unit/games.validation.test.js": "40c8011b780d5787",
    "server/src/tests/unit/leagues.service.test.js": "ba6fbf099ec336f3",
    "server/src/tests/unit/milestones.catalog.test.js": "48a375484af94277",
    "server/src/tests/unit/milestones.detection.test.js": "e255de12bdd1201f",
    "server/src/tests/unit/milestones.identity.test.js": "ba059314e5e97b7c",
    "server/src/tests/unit/milestones.publish.test.js": "26e28a0a8c1f5792",
    "server/src/tests/unit/milestones.reevaluate.test.js": "ef587df86fa7cdf2",
    "server/src/tests/unit/milestones.rekey.test.js": "da6c001d825f1fc7",
    "server/src/tests/unit/milestones.repository.schema.test.js": "3ae82447a0d4c606",
    "server/src/tests/unit/oauth.google.test.js": "ce6b81e5584c8a91",
    "server/src/tests/unit/pagination.test.js": "6004ef0f7590bb3b",
    "server/src/tests/unit/plan-catalog.test.js": "59f220844681396a",
    "server/src/tests/unit/planMigration.test.js": "81f731a06c1c99ff",
    "server/src/tests/unit/publicCache.middleware.test.js": "97662632facef5bf",
    "server/src/tests/unit/rateLimit.middleware.test.js": "3003fd6d59383581",
    "server/src/tests/unit/seasons.service.test.js": "e14f33f5d5f7a9fb",
    "server/src/tests/unit/statSummary.test.js": "38bf0a4d3ce23e8e",
    "server/src/tests/unit/stripeUrl.test.js": "d20a7beb49a87428",
    "server/src/tests/unit/teams.public.service.test.js": "4f992aa3d5ca683d",
    "server/src/tests/unit/teams.service.test.js": "aeedc1305aa7595c",
    "server/src/tests/unit/teams.validation.test.js": "25567e0f484619ec",
    "server/src/tests/unit/token.service.test.js": "058d2fa0ef12db93",
    "server/src/tests/unit/weball-saturday.test.js": "f535523697d054cc",
    "server/src/tests/unit/webhookIdempotency.test.js": "bdfae302d30b01fc",
    "server/src/utils/apiError.js": "97ff3e77981874a5",
    "server/src/utils/apiResponse.js": "333523428caa83fa",
    "server/src/utils/asyncHandler.js": "213eaa3052e46c56",
    "server/src/utils/crypto.js": "e7facc2398ecbe2c",
    "server/src/utils/csv.js": "ace6fc032bf1adc5",
    "server/src/utils/escapeHtml.js": "04cef8208dd214ab",
    "server/src/utils/pagination.js": "d295deaa3f45b5e3",
    "server/src/utils/stripeUrl.js": "c17b0de6aa6b8af1",
    "server/src/utils/webhookIdempotency.js": "a7d43ef8eb1a7e4a"
  }
}